{
  "* ✨ [Installation](#installation-)\n* 🔧 [Usage](#basic-usage-)": [
    {
      "file": "README.md",
      "lines": [
        102,
        486,
        500,
        514,
        528,
        542,
        556,
        570,
        584,
        598,
        612,
        626,
        640,
        654,
        668,
        682,
        696,
        710,
        724,
        738,
        752,
        766,
        780,
        794,
        808,
        822,
        836,
        850,
        864,
        878,
        892,
        906
      ]
    }
  ],
  "* 🌳 [This Branch](#this-branch-)\n* 🧭 [Branch Stack](#branch-stack-)": [
    {
      "file": "README.md",
      "lines": [
        99,
        483,
        497,
        511,
        525,
        539,
        553,
        567,
        581,
        595,
        609,
        623,
        637,
        651,
        665,
        679,
        693,
        707,
        721,
        735,
        749,
        763,
        777,
        791,
        805,
        819,
        833,
        847,
        861,
        875,
        889,
        903
      ]
    }
  ],
  "* 👩‍💻 [Project Health](#project-health-)\n* ✨ [Installation](#installation-)": [
    {
      "file": "README.md",
      "lines": [
        101,
        485,
        499,
        513,
        527,
        541,
        555,
        569,
        583,
        597,
        611,
        625,
        639,
        653,
        667,
        681,
        695,
        709,
        723,
        737,
        751,
        765,
        779,
        793,
        807,
        821,
        835,
        849,
        863,
        877,
        891,
        905
      ]
    }
  ],
  "* 🧭 [Branch Stack](#branch-stack-)\n* 👩‍💻 [Project Health](#project-health-)": [
    {
      "file": "README.md",
      "lines": [
        100,
        484,
        498,
        512,
        526,
        540,
        554,
        568,
        582,
        596,
        610,
        624,
        638,
        652,
        666,
        680,
        694,
        708,
        722,
        736,
        750,
        764,
        778,
        792,
        806,
        820,
        834,
        848,
        862,
        876,
        890,
        904
      ]
    }
  ],
  "1. Describe the branch you are reading right now.\n2. Index the `rubocop-lts` branch stack so you can jump to the release line": [
    {
      "file": "README.md",
      "lines": [
        95,
        479,
        493,
        507,
        521,
        535,
        549,
        563,
        577,
        591,
        605,
        619,
        633,
        647,
        661,
        675,
        689,
        703,
        717,
        731,
        745,
        759,
        773,
        787,
        801,
        815,
        829,
        843,
        857,
        871,
        885,
        899
      ]
    }
  ],
  "2. Index the `rubocop-lts` branch stack so you can jump to the release line\nmatching the oldest Ruby you still support.": [
    {
      "file": "README.md",
      "lines": [
        96,
        480,
        494,
        508,
        522,
        536,
        550,
        564,
        578,
        592,
        606,
        620,
        634,
        648,
        662,
        676,
        690,
        704,
        718,
        732,
        746,
        760,
        774,
        788,
        802,
        816,
        830,
        844,
        858,
        872,
        886,
        900
      ]
    }
  ],
  "appraisal: \"dep-heads\"\nexec_cmd: \"kettle-test\"": [
    {
      "file": ".github/workflows/dep-heads.yml",
      "lines": [
        44,
        51,
        58
      ]
    }
  ],
  "appraisal: \"head\"\nexec_cmd: \"kettle-test\"": [
    {
      "file": ".github/workflows/heads.yml",
      "lines": [
        43,
        50,
        57
      ]
    }
  ],
  "exec_cmd: \"kettle-test\"\nrubygems: default": [
    {
      "file": ".github/workflows/dep-heads.yml",
      "lines": [
        52,
        59
      ]
    },
    {
      "file": ".github/workflows/heads.yml",
      "lines": [
        44,
        51,
        58
      ]
    }
  ]
}
