{
  "* ✨ [Installation](#installation-)\n* 🔧 [Usage](#basic-usage-)": [
    {
      "file": "README.md",
      "lines": [
        102,
        486,
        500,
        514,
        528,
        542,
        556,
        570,
        584,
        598,
        612,
        626,
        640,
        654,
        668,
        682,
        696,
        710,
        724,
        738,
        752,
        766,
        780,
        794,
        808,
        822,
        836,
        850,
        864,
        878,
        892,
        906,
        920,
        934,
        948,
        962,
        976,
        990,
        1004,
        1018,
        1032,
        1046,
        1060,
        1074,
        1088,
        1102,
        1116,
        1130,
        1144,
        1158,
        1172,
        1186,
        1200,
        1214,
        1228,
        1242,
        1256,
        1270,
        1284,
        1298,
        1312,
        1326,
        1340,
        1354
      ]
    }
  ],
  "* 🌳 [This Branch](#this-branch-)\n* 🧭 [Branch Stack](#branch-stack-)": [
    {
      "file": "README.md",
      "lines": [
        99,
        483,
        497,
        511,
        525,
        539,
        553,
        567,
        581,
        595,
        609,
        623,
        637,
        651,
        665,
        679,
        693,
        707,
        721,
        735,
        749,
        763,
        777,
        791,
        805,
        819,
        833,
        847,
        861,
        875,
        889,
        903,
        917,
        931,
        945,
        959,
        973,
        987,
        1001,
        1015,
        1029,
        1043,
        1057,
        1071,
        1085,
        1099,
        1113,
        1127,
        1141,
        1155,
        1169,
        1183,
        1197,
        1211,
        1225,
        1239,
        1253,
        1267,
        1281,
        1295,
        1309,
        1323,
        1337,
        1351
      ]
    }
  ],
  "* 👩‍💻 [Project Health](#project-health-)\n* ✨ [Installation](#installation-)": [
    {
      "file": "README.md",
      "lines": [
        101,
        485,
        499,
        513,
        527,
        541,
        555,
        569,
        583,
        597,
        611,
        625,
        639,
        653,
        667,
        681,
        695,
        709,
        723,
        737,
        751,
        765,
        779,
        793,
        807,
        821,
        835,
        849,
        863,
        877,
        891,
        905,
        919,
        933,
        947,
        961,
        975,
        989,
        1003,
        1017,
        1031,
        1045,
        1059,
        1073,
        1087,
        1101,
        1115,
        1129,
        1143,
        1157,
        1171,
        1185,
        1199,
        1213,
        1227,
        1241,
        1255,
        1269,
        1283,
        1297,
        1311,
        1325,
        1339,
        1353
      ]
    }
  ],
  "* 🧭 [Branch Stack](#branch-stack-)\n* 👩‍💻 [Project Health](#project-health-)": [
    {
      "file": "README.md",
      "lines": [
        100,
        484,
        498,
        512,
        526,
        540,
        554,
        568,
        582,
        596,
        610,
        624,
        638,
        652,
        666,
        680,
        694,
        708,
        722,
        736,
        750,
        764,
        778,
        792,
        806,
        820,
        834,
        848,
        862,
        876,
        890,
        904,
        918,
        932,
        946,
        960,
        974,
        988,
        1002,
        1016,
        1030,
        1044,
        1058,
        1072,
        1086,
        1100,
        1114,
        1128,
        1142,
        1156,
        1170,
        1184,
        1198,
        1212,
        1226,
        1240,
        1254,
        1268,
        1282,
        1296,
        1310,
        1324,
        1338,
        1352
      ]
    }
  ],
  "1. Describe the branch you are reading right now.\n2. Index the `rubocop-lts` branch stack so you can jump to the release line": [
    {
      "file": "README.md",
      "lines": [
        95,
        479,
        493,
        507,
        521,
        535,
        549,
        563,
        577,
        591,
        605,
        619,
        633,
        647,
        661,
        675,
        689,
        703,
        717,
        731,
        745,
        759,
        773,
        787,
        801,
        815,
        829,
        843,
        857,
        871,
        885,
        899,
        913,
        927,
        941,
        955,
        969,
        983,
        997,
        1011,
        1025,
        1039,
        1053,
        1067,
        1081,
        1095,
        1109,
        1123,
        1137,
        1151,
        1165,
        1179,
        1193,
        1207,
        1221,
        1235,
        1249,
        1263,
        1277,
        1291,
        1305,
        1319,
        1333,
        1347
      ]
    }
  ],
  "2. Index the `rubocop-lts` branch stack so you can jump to the release line\nmatching the oldest Ruby you still support.": [
    {
      "file": "README.md",
      "lines": [
        96,
        480,
        494,
        508,
        522,
        536,
        550,
        564,
        578,
        592,
        606,
        620,
        634,
        648,
        662,
        676,
        690,
        704,
        718,
        732,
        746,
        760,
        774,
        788,
        802,
        816,
        830,
        844,
        858,
        872,
        886,
        900,
        914,
        928,
        942,
        956,
        970,
        984,
        998,
        1012,
        1026,
        1040,
        1054,
        1068,
        1082,
        1096,
        1110,
        1124,
        1138,
        1152,
        1166,
        1180,
        1194,
        1208,
        1222,
        1236,
        1250,
        1264,
        1278,
        1292,
        1306,
        1320,
        1334,
        1348
      ]
    }
  ],
  "appraisal: \"dep-heads\"\nexec_cmd: \"kettle-test\"": [
    {
      "file": ".github/workflows/dep-heads.yml",
      "lines": [
        44,
        51,
        58
      ]
    }
  ],
  "appraisal: \"head\"\nexec_cmd: \"kettle-test\"": [
    {
      "file": ".github/workflows/heads.yml",
      "lines": [
        43,
        50,
        57
      ]
    }
  ],
  "exec_cmd: \"kettle-test\"\nrubygems: default": [
    {
      "file": ".github/workflows/dep-heads.yml",
      "lines": [
        52,
        59
      ]
    },
    {
      "file": ".github/workflows/heads.yml",
      "lines": [
        44,
        51,
        58
      ]
    }
  ]
}
