{
  "gemfiles/modular/templating.gemfile:3520099156": [
    [14, 3, 50, "Bundler/DuplicatedGem: Gem `tree_sitter_language_pack` requirements already given on line 10 of the Gemfile.", 1000260798]
  ],
  "rubocop-lts.gemspec:3582562618": [
    [19, 32, 8, "Gemspec/RequiredRubyVersion: `required_ruby_version` and `TargetRubyVersion` (2.0, which may be specified in .rubocop.yml) should be equal.", 484902217]
  ],
  "spec/rubocop/lts/version_spec.rb:2041102437": [
    [6, 3, 444, "RSpec/ExampleLength: Example has too many lines. [6/5]", 948319933]
  ]
}
