{
  "rubocop-lts.gemspec:519789252": [
    [19, 32, 8, "Gemspec/RequiredRubyVersion: `required_ruby_version` and `TargetRubyVersion` (2.4, which may be specified in .rubocop.yml) should be equal.", 484902217],
    [53, 10, 13, "Lint/LtsRuby/UnavailableMethod: String#delete_prefix is unavailable before Ruby 2.5.", 1472761043],
    [56, 40, 10, "Lint/LtsRuby/UnavailableMethod: Enumerable#filter_map is unavailable before Ruby 2.7.", 2021862342]
  ],
  "spec/rubocop/lts/version_spec.rb:2746164422": [
    [6, 3, 441, "RSpec/ExampleLength: Example has too many lines. [6/5]", 948319933]
  ]
}
