{
  "gemfiles/modular/changelog.gemfile:285381723": [
    [31, 45, 4, "Lint/LtsRuby/UnavailableMethod: IO/SyntaxError#path is unavailable before Ruby 3.2.", 2088095368]
  ],
  "gemfiles/modular/coverage_local.gemfile:367561544": [
    [23, 41, 4, "Lint/LtsRuby/UnavailableMethod: IO/SyntaxError#path is unavailable before Ruby 3.2.", 2088095368]
  ],
  "gemfiles/modular/documentation_local.gemfile:1886495639": [
    [23, 41, 4, "Lint/LtsRuby/UnavailableMethod: IO/SyntaxError#path is unavailable before Ruby 3.2.", 2088095368]
  ],
  "gemfiles/modular/style_local.gemfile:3345132095": [
    [26, 41, 4, "Lint/LtsRuby/UnavailableMethod: IO/SyntaxError#path is unavailable before Ruby 3.2.", 2088095368]
  ],
  "gemfiles/modular/templating_local.gemfile:4283020804": [
    [24, 41, 4, "Lint/LtsRuby/UnavailableMethod: IO/SyntaxError#path is unavailable before Ruby 3.2.", 2088095368]
  ],
  "rubocop-lts.gemspec:1313656119": [
    [19, 32, 8, "Gemspec/RequiredRubyVersion: `required_ruby_version` and `TargetRubyVersion` (3.1, which may be specified in .rubocop.yml) should be equal.", 484902217]
  ],
  "spec/rubocop/lts/version_spec.rb:2746164422": [
    [6, 3, 441, "RSpec/ExampleLength: Example has too many lines. [6/5]", 948319933]
  ]
}
