GIT
  remote: git@github.com:pboling/rubocop-packaging.git
  revision: 3539ba858d379740d638566faee9e56b2b854145
  ref: 3539ba858d379740d638566faee9e56b2b854145
  specs:
    rubocop-packaging (0.6.0)
      lint_roller (~> 1.1.0)
      rubocop (>= 1.72.1, < 2.0)

PATH
  remote: .
  specs:
    rubocop-lts (22.3.3)
      rubocop-ruby3_1 (~> 3.0, >= 3.0.7)
      standard-rubocop-lts (~> 2.0, >= 2.0.13)
      version_gem (~> 1.1, >= 1.1.15)

GEM
  remote: https://gem.coop/
  specs:
    addressable (2.9.0)
      public_suffix (>= 2.0.2, < 8.0)
    anonymous_loader (0.1.3)
      version_gem (~> 1.1, >= 1.1.14)
    ansi (1.6.0)
    appraisal2 (3.2.3)
      bundler (>= 1.17.3)
      rake (>= 10)
      thor (>= 0.14)
    appraisal2-rubocop (1.0.2)
      appraisal2 (>= 3.2.3)
      rubocop (>= 1.0)
      version_gem (~> 1.1, >= 1.1.15)
    ast (2.4.3)
    ast-crispr (7.1.8)
      ast-merge (= 7.1.8)
      service_actor (~> 3.9)
      version_gem (~> 1.1, >= 1.1.15)
    ast-crispr-markdown-markly (7.1.8)
      ast-crispr (= 7.1.8)
      markdown-merge (= 7.1.8)
      markly-merge (= 7.1.8)
      version_gem (~> 1.1, >= 1.1.15)
    ast-crispr-ruby-prism (7.1.8)
      ast-crispr (= 7.1.8)
      prism-merge (= 7.1.8)
      version_gem (~> 1.1, >= 1.1.15)
    ast-merge (7.1.8)
      benchmark
      token-resolver (~> 2.0, >= 2.0.4)
      tree_haver (= 7.1.8)
      version_gem (~> 1.1, >= 1.1.15)
    backports (3.25.3)
    bash-merge (7.1.8)
      ast-merge (= 7.1.8)
      tree_haver (= 7.1.8)
      version_gem (~> 1.1, >= 1.1.15)
    benchmark (0.5.0)
    bigdecimal (4.1.2)
    bundler-audit (0.9.3)
      bundler (>= 1.2.0)
      thor (~> 1.0)
    cgi (0.5.2)
    citrus (3.0.2)
    citrus-toml-merge (7.1.8)
      ast-merge (= 7.1.8)
      toml-merge (= 7.1.8)
      toml-rb (~> 4.1)
      version_gem (~> 1.1, >= 1.1.15)
    cmdparse (3.0.7)
    colsole (1.0.1)
    command_kit (0.6.0)
    command_kit-completion (0.3.0)
      command_kit (~> 0.1)
      completely (~> 0.6)
    commonmarker (2.10.0)
      rb_sys (~> 0.9)
    commonmarker (2.10.0-aarch64-linux)
    commonmarker (2.10.0-aarch64-linux-musl)
    commonmarker (2.10.0-arm64-darwin)
    commonmarker (2.10.0-x86_64-darwin)
    commonmarker (2.10.0-x86_64-linux)
    commonmarker (2.10.0-x86_64-linux-musl)
    commonmarker-merge (7.1.8)
      commonmarker (~> 2.2)
      markdown-merge (= 7.1.8)
      version_gem (~> 1.1, >= 1.1.15)
    completely (0.8.0)
      colsole (~> 1.0.0)
      erb
      mister_bin (~> 0.7)
    concurrent-ruby (1.3.8)
    date (3.5.1)
    debug (1.11.1)
      irb (~> 1.10)
      reline (>= 0.3.8)
    delegate (0.6.1)
    diff-lcs (1.6.2)
    diffy (3.4.4)
    docopt_ng (0.7.1)
    dotenv-merge (7.1.8)
      ast-merge (= 7.1.8)
      plain-merge (= 7.1.8)
      tree_haver (= 7.1.8)
      version_gem (~> 1.1, >= 1.1.15)
    dry-configurable (1.4.0)
      dry-core (~> 1.0)
      zeitwerk (~> 2.6)
    dry-core (1.2.0)
      concurrent-ruby (~> 1.0)
      logger
      zeitwerk (~> 2.6)
    dry-inflector (1.3.1)
    dry-initializer (3.2.0)
    dry-logic (1.6.0)
      bigdecimal
      concurrent-ruby (~> 1.0)
      dry-core (~> 1.1)
      zeitwerk (~> 2.6)
    dry-schema (1.16.0)
      concurrent-ruby (~> 1.0)
      dry-configurable (~> 1.0, >= 1.0.1)
      dry-core (~> 1.1)
      dry-initializer (~> 3.2)
      dry-logic (~> 1.6)
      dry-types (~> 1.9, >= 1.9.1)
      zeitwerk (~> 2.6)
    dry-types (1.9.1)
      bigdecimal (>= 3.0)
      concurrent-ruby (~> 1.0)
      dry-core (~> 1.0)
      dry-inflector (~> 1.0)
      dry-logic (~> 1.4)
      zeitwerk (~> 2.6)
    emoji_regex (15.0.0)
    erb (6.0.7)
    gem_bench (2.0.5)
      bundler (>= 1.14)
      version_gem (~> 1.1, >= 1.1.4)
    geom2d (0.4.1)
    gitmoji-regex (2.0.12)
      version_gem (~> 1.1, >= 1.1.15)
    hexapdf (1.10.0)
      cmdparse (~> 3.0, >= 3.0.3)
      geom2d (~> 0.4, >= 0.4.1)
      openssl (>= 2.2.1)
      strscan (>= 3.1.2)
    io-console (0.9.2)
    irb (1.18.0)
      pp (>= 0.6.0)
      prism (>= 1.3.0)
      rdoc (>= 4.0.0)
      reline (>= 0.4.2)
    json (2.21.2)
    json-merge (7.1.8)
      ast-merge (= 7.1.8)
      tree_haver (= 7.1.8)
      version_gem (~> 1.1, >= 1.1.15)
    kettle-changelog (1.0.7)
      ast-crispr-markdown-markly (~> 7.1, >= 7.1.1)
      kettle-dev (>= 3.0.19, < 4.0.0)
      version_gem (~> 1.1, >= 1.1.15)
    kettle-dev (3.0.33)
      emoji_regex (>= 15.0)
      kettle-gha-pins (~> 0.3, >= 0.3.14)
      kettle-ndjson (~> 0.1, >= 0.1.15)
      kettle-rb (~> 0.1, >= 0.1.11)
      kettle-test (~> 2.0, >= 2.0.21)
      ruby-progressbar (~> 1.13)
      tty-progressbar (~> 0.18)
    kettle-family (1.2.99)
      command_kit (~> 0.6)
      command_kit-completion (~> 0.1)
      kettle-changelog (~> 1.0, >= 1.0.7)
      kettle-dev (~> 3.0, >= 3.0.33)
      kettle-gha-pins (~> 0.3, >= 0.3.14)
      kettle-jem (~> 7.1, >= 7.1.23)
      kettle-test (~> 2.0, >= 2.0.21)
      tsort (~> 0.2)
      tty-screen (~> 0.8)
      unicode-display_width (~> 2.6)
      version_gem (~> 1.1, >= 1.1.15)
    kettle-gha-pins (0.3.14)
      ruby-progressbar (~> 1.13)
      tty-progressbar (~> 0.18)
      version_gem (~> 1.1, >= 1.1.15)
    kettle-jem (7.1.25)
      addressable (>= 2.8, < 3)
      ast-crispr-markdown-markly (~> 7.1, >= 7.1.8)
      ast-crispr-ruby-prism (~> 7.1, >= 7.1.8)
      ast-merge (~> 7.1, >= 7.1.8)
      bash-merge (~> 7.1, >= 7.1.8)
      citrus-toml-merge (~> 7.1, >= 7.1.8)
      commonmarker-merge (~> 7.1, >= 7.1.8)
      dotenv-merge (~> 7.1, >= 7.1.8)
      json-merge (~> 7.1, >= 7.1.8)
      kettle-changelog (~> 1.0, >= 1.0.6)
      kettle-dev (>= 3.0.17, < 4.0.0)
      kettle-gha-pins (~> 0.3, >= 0.3.14)
      kettle-ndjson (~> 0.1, >= 0.1.13)
      kettle-rb (~> 0.1, >= 0.1.11)
      kramdown-merge (~> 7.1, >= 7.1.8)
      markdown-merge (~> 7.1, >= 7.1.8)
      markly-merge (~> 7.1, >= 7.1.8)
      parslet (~> 2.0)
      prism-merge (~> 7.1, >= 7.1.8)
      psych-merge (~> 7.1, >= 7.1.8)
      rbs (>= 3.10)
      rbs-merge (~> 7.1, >= 7.1.8)
      ruby-merge (~> 7.1, >= 7.1.8)
      token-resolver (~> 2.0, >= 2.0.10)
      toml-merge (~> 7.1, >= 7.1.8)
      toml-rb (~> 4.2)
      tree_haver (~> 7.1, >= 7.1.8)
      version_gem (~> 1.1, >= 1.1.15)
      yaml-merge (~> 7.1, >= 7.1.8)
    kettle-ndjson (0.1.15)
      version_gem (~> 1.1, >= 1.1.15)
    kettle-rb (0.1.11)
    kettle-soup-cover (3.0.10)
      kettle-wash (~> 0.1, >= 0.1.6)
      simplecov (>= 1.0)
      simplecov-cobertura (>= 4.0)
      simplecov-console (~> 0.9, >= 0.9.5)
      simplecov-rcov (~> 0.3, >= 0.3.7)
      simplecov_lcov_formatter (~> 0.9, >= 0.9.0)
    kettle-test (2.0.21)
      appraisal2 (~> 3.0, >= 3.0.6)
      backports (~> 3.0)
      rspec (~> 3.0)
      rspec-block_is_expected (~> 1.0, >= 1.0.6)
      rspec-pending_for (~> 0.1, >= 0.1.20)
      rspec-stubbed_env (~> 1.0, >= 1.0.6)
      rspec_junit_formatter (~> 0.6)
      silent_stream (~> 1.0, >= 1.0.12)
      timecop-rspec (~> 1.0, >= 1.0.3)
      turbo_tests2 (~> 3.1, >= 3.1.12)
    kettle-wash (0.1.6)
      version_gem (~> 1.1, >= 1.1.15)
    kramdown (2.5.2)
      rexml (>= 3.4.4)
    kramdown-merge (7.1.8)
      kramdown (~> 2.5)
      markdown-merge (= 7.1.8)
      version_gem (~> 1.1, >= 1.1.15)
    kramdown-parser-gfm (1.1.0)
      kramdown (~> 2.0)
    language_server-protocol (3.17.0.6)
    lint_roller (1.1.0)
    logger (1.7.0)
    markdown-merge (7.1.8)
      ast-merge (= 7.1.8)
      tree_haver (= 7.1.8)
      version_gem (~> 1.1, >= 1.1.15)
    markly (0.19.0)
    markly-merge (7.1.8)
      markdown-merge (= 7.1.8)
      markly (~> 0.9)
      version_gem (~> 1.1, >= 1.1.15)
    mini_portile2 (2.8.9)
    mister_bin (0.9.0)
      colsole (~> 1.0.0)
      docopt_ng (~> 0.7.1)
      reline (~> 0.6)
    mutex_m (0.3.0)
    nokogiri (1.19.4)
      mini_portile2 (~> 2.8.2)
      racc (~> 1.4)
    nokogiri (1.19.4-aarch64-linux-gnu)
      racc (~> 1.4)
    nokogiri (1.19.4-aarch64-linux-musl)
      racc (~> 1.4)
    nokogiri (1.19.4-arm64-darwin)
      racc (~> 1.4)
    nokogiri (1.19.4-x86_64-darwin)
      racc (~> 1.4)
    nokogiri (1.19.4-x86_64-linux-gnu)
      racc (~> 1.4)
    nokogiri (1.19.4-x86_64-linux-musl)
      racc (~> 1.4)
    nomono (1.1.5)
    openssl (4.0.2)
    ostruct (0.6.3)
    parallel (1.28.0)
    parallel_tests (5.7.0)
      parallel
    parser (3.3.12.0)
      ast (~> 2.4.1)
      racc
    parslet (2.0.0)
    plain-merge (7.1.8)
      ast-merge (= 7.1.8)
      tree_haver (= 7.1.8)
      version_gem (~> 1.1, >= 1.1.15)
    pp (0.6.4)
      prettyprint
    prettyprint (0.2.0)
    prism (1.9.0)
    prism-merge (7.1.8)
      ast-merge (= 7.1.8)
      prism (~> 1.6)
      ruby-merge (= 7.1.8)
      tree_haver (= 7.1.8)
      version_gem (~> 1.1, >= 1.1.15)
    psych (5.5.0)
      date
      stringio
    psych-merge (7.1.8)
      ast-merge (= 7.1.8)
      tree_haver (= 7.1.8)
      version_gem (~> 1.1, >= 1.1.15)
      yaml-merge (= 7.1.8)
    public_suffix (7.0.5)
    racc (1.8.1)
    rainbow (3.1.1)
    rake (13.4.2)
    rake-compiler-dock (1.12.0)
    rb_sys (0.9.130)
      rake-compiler-dock (= 1.12.0)
    rbs (4.2.0)
      logger
      prism (>= 1.6.0)
      tsort
    rbs-merge (7.1.8)
      ast-merge (= 7.1.8)
      rbs (>= 3.10)
      tree_haver (= 7.1.8)
      version_gem (~> 1.1, >= 1.1.15)
    rdoc (7.2.0)
      erb
      psych (>= 4.0.0)
      tsort
    reek (6.5.0)
      dry-schema (~> 1.13)
      logger (~> 1.6)
      parser (~> 3.3.0)
      rainbow (>= 2.0, < 4.0)
      rexml (~> 3.1)
    regexp_parser (2.12.0)
    reline (0.7.0)
      io-console (~> 0.5)
    require_bench (1.0.4)
      version_gem (>= 1.1.3, < 4)
    rexml (3.4.4)
    rspec (3.13.2)
      rspec-core (~> 3.13.0)
      rspec-expectations (~> 3.13.0)
      rspec-mocks (~> 3.13.0)
    rspec-block_is_expected (1.0.6)
    rspec-core (3.13.6)
      rspec-support (~> 3.13.0)
    rspec-expectations (3.13.5)
      diff-lcs (>= 1.2.0, < 2.0)
      rspec-support (~> 3.13.0)
    rspec-mocks (3.13.8)
      diff-lcs (>= 1.2.0, < 2.0)
      rspec-support (~> 3.13.0)
    rspec-pending_for (0.1.27)
      rspec-core (~> 3.0)
      ruby_engine (~> 2.0)
      ruby_version (~> 1.0)
    rspec-stubbed_env (1.0.13)
    rspec-support (3.13.7)
    rspec_junit_formatter (0.6.0)
      rspec-core (>= 2, < 4, != 2.12.0)
    rubocop (1.88.2)
      json (~> 2.3)
      language_server-protocol (~> 3.17.0.2)
      lint_roller (~> 1.1.0)
      parallel (>= 1.10)
      parser (>= 3.3.0.2)
      rainbow (>= 2.2.2, < 4.0)
      regexp_parser (>= 2.9.3, < 3.0)
      rubocop-ast (>= 1.49.0, < 2.0)
      ruby-progressbar (~> 1.7)
      unicode-display_width (>= 2.4.0, < 4.0)
    rubocop-ast (1.50.0)
      parser (>= 3.3.7.2)
      prism (~> 1.7)
    rubocop-capybara (2.23.0)
      lint_roller (~> 1.1)
      rubocop (~> 1.81)
    rubocop-env (0.1.0)
      rubocop
    rubocop-factory_bot (2.28.0)
      lint_roller (~> 1.1)
      rubocop (~> 1.72, >= 1.72.1)
    rubocop-gradual (0.4.0)
      benchmark
      diff-lcs (>= 1.2.0, < 2.0)
      diffy (~> 3.0)
      parallel (~> 1.10)
      rainbow (>= 2.2.2, < 4.0)
      rubocop (~> 1.0)
    rubocop-lts-rspec (1.0.6)
      rubocop (~> 1.84, >= 1.84.2)
      rubocop-env (~> 0.1, >= 0.1.0)
      rubocop-factory_bot (~> 2.28, >= 2.28.0)
      rubocop-rspec (~> 3.9, >= 3.9.0)
      rubocop-rspec-extra (~> 0.3, >= 0.3.0)
      standard (~> 1.54, >= 1.54.0)
      standard-rspec (~> 0.5, >= 0.5.0)
      version_gem (~> 1.1, >= 1.1.15)
    rubocop-lts-ruby (0.1.4)
      lint_roller (~> 1.1)
      rubocop (>= 1.72.1, < 2.0)
      version_gem (~> 1.1, >= 1.1.15)
    rubocop-md (2.0.4)
      lint_roller (~> 1.1)
      rubocop (>= 1.72.1)
    rubocop-minitest (0.40.0)
      lint_roller (~> 1.1)
      rubocop (>= 1.75.0, < 2.0)
      rubocop-ast (>= 1.38.0, < 2.0)
    rubocop-on-rbs (2.0.0)
      lint_roller (~> 1.1)
      rbs (~> 4.0)
      rubocop (>= 1.72.1, < 2.0)
      zlib
    rubocop-performance (1.26.1)
      lint_roller (~> 1.1)
      rubocop (>= 1.75.0, < 2.0)
      rubocop-ast (>= 1.47.1, < 2.0)
    rubocop-rake (0.7.1)
      lint_roller (~> 1.1)
      rubocop (>= 1.72.1)
    rubocop-rspec (3.10.2)
      lint_roller (~> 1.1)
      regexp_parser (>= 2.0)
      rubocop (~> 1.86, >= 1.86.2)
    rubocop-rspec-extra (0.3.0)
      lint_roller (~> 1.1)
      rubocop (>= 1.72.1, < 2.0)
    rubocop-rspec_rails (2.32.0)
      lint_roller (~> 1.1)
      rubocop (~> 1.72, >= 1.72.1)
      rubocop-rspec (~> 3.5)
    rubocop-ruby3_1 (3.0.7)
      rubocop-gradual (~> 0.3, >= 0.3.6)
      rubocop-md (~> 2.0, >= 2.0.4)
      rubocop-rake (~> 0.7, >= 0.7.1)
      rubocop-thread_safety (~> 0.7, >= 0.7.3)
      standard-rubocop-lts (~> 2.0, >= 2.0.13)
      version_gem (~> 1.1, >= 1.1.15)
    rubocop-ruby3_2 (3.0.8)
      rubocop-gradual (~> 0.3, >= 0.3.6)
      rubocop-md (~> 2.0, >= 2.0.4)
      rubocop-rake (~> 0.7, >= 0.7.1)
      rubocop-thread_safety (~> 0.7, >= 0.7.3)
      standard-rubocop-lts (~> 2.0, >= 2.0.13)
      version_gem (~> 1.1, >= 1.1.15)
    rubocop-thread_safety (0.7.3)
      lint_roller (~> 1.1)
      rubocop (~> 1.72, >= 1.72.1)
      rubocop-ast (>= 1.44.0, < 2.0)
    ruby-merge (7.1.8)
      ast-merge (= 7.1.8)
      tree_haver (= 7.1.8)
      version_gem (~> 1.1, >= 1.1.15)
    ruby-progressbar (1.13.0)
    ruby_engine (2.0.3)
    ruby_version (1.0.3)
    service_actor (3.9.4)
      zeitwerk (>= 1.0)
    silent_stream (1.0.12)
      logger (~> 1.2)
      version_gem (>= 1.1.8, < 3)
    simplecov (1.2.0)
    simplecov-cobertura (4.0.0)
      rexml
      simplecov (~> 1.0)
    simplecov-console (0.9.5)
      ansi
      simplecov
      terminal-table
    simplecov-rcov (0.3.7)
      simplecov (>= 0.4.1)
    simplecov_lcov_formatter (0.9.0)
      simplecov (>= 0.18)
    sorbet-runtime (0.6.13490)
    standard (1.56.0)
      language_server-protocol (~> 3.17.0.2)
      lint_roller (~> 1.0)
      rubocop (~> 1.88.0)
      standard-custom (~> 1.0.0)
      standard-performance (~> 1.8)
    standard-custom (1.0.2)
      lint_roller (~> 1.0)
      rubocop (~> 1.50)
    standard-performance (1.9.0)
      lint_roller (~> 1.1)
      rubocop-performance (~> 1.26.0)
    standard-rspec (0.5.0)
      lint_roller (>= 1.0)
      rubocop-capybara (~> 2.23)
      rubocop-factory_bot (~> 2.27)
      rubocop-rspec (~> 3.9)
      rubocop-rspec_rails (~> 2.31)
    standard-rubocop-lts (2.0.13)
      rubocop-lts-ruby (~> 0.1, >= 0.1.4)
      standard (~> 1.54, >= 1.54.0)
      standard-custom (~> 1.0, >= 1.0.2)
      standard-performance (~> 1.9, >= 1.9.0)
      version_gem (~> 1.1, >= 1.1.15)
    stone_checksums (1.0.8)
    stringio (3.2.0)
    strings-ansi (0.2.0)
    strscan (3.1.8)
    terminal-table (4.0.0)
      unicode-display_width (>= 1.1.1, < 4)
    thor (1.5.0)
    timecop (0.9.11)
    timecop-rspec (1.0.3)
      delegate (~> 0.1)
      rspec (~> 3.0)
      timecop (>= 0.7, < 1)
    token-resolver (2.0.10)
      parslet (~> 2.0)
      version_gem (~> 1.1, >= 1.1.15)
    toml-merge (7.1.8)
      ast-merge (= 7.1.8)
      tree_haver (= 7.1.8)
      version_gem (~> 1.1, >= 1.1.15)
    toml-rb (4.2.1)
      citrus (~> 3.0, > 3.0)
      racc (~> 1.7)
    tree_haver (7.1.8)
      citrus (~> 3.0)
      parslet (~> 2.0)
      tree_sitter_language_pack (>= 1.16.2, < 2.0)
      version_gem (~> 1.1, >= 1.1.15)
    tree_sitter_language_pack (1.16.2)
      rb_sys (>= 0.9.130, < 0.10)
      sorbet-runtime (~> 0.5)
    tree_sitter_language_pack (1.16.2-aarch64-linux)
      sorbet-runtime (~> 0.5)
    tree_sitter_language_pack (1.16.2-arm64-darwin)
      sorbet-runtime (~> 0.5)
    tree_sitter_language_pack (1.16.2-x86_64-darwin)
      sorbet-runtime (~> 0.5)
    tree_sitter_language_pack (1.16.2-x86_64-linux)
      sorbet-runtime (~> 0.5)
    tsort (0.2.0)
    tty-cursor (0.7.1)
    tty-progressbar (0.18.3)
      strings-ansi (~> 0.2)
      tty-cursor (~> 0.7)
      tty-screen (~> 0.8)
      unicode-display_width (>= 1.6, < 3.0)
    tty-screen (0.8.2)
    turbo_tests2 (3.2.7)
      parallel_tests (>= 3.3.0, < 6)
      rspec (>= 3.10)
      version_gem (~> 1.1, >= 1.1.15)
    unicode-display_width (2.6.0)
    version_gem (1.1.15)
    webrick (1.9.2)
    yaml-converter (0.2.5)
      hexapdf (>= 1.8, < 2)
      kramdown (>= 2.4, < 3)
      kramdown-parser-gfm (~> 1.1)
      version_gem (~> 1.1, >= 1.1.15)
    yaml-merge (7.1.8)
      ast-merge (= 7.1.8)
      tree_haver (= 7.1.8)
      version_gem (~> 1.1, >= 1.1.15)
    yard (0.9.45)
    yard-fence (0.9.8)
      rdoc (>= 6.11, < 8)
      version_gem (~> 1.1, >= 1.1.15)
      yard (~> 0.9, >= 0.9.37)
    yard-junk (0.1.0)
      benchmark
      ostruct
      rainbow
      yard
    yard-lint (1.11.0)
      yard (~> 0.9)
      zeitwerk (~> 2.6)
    yard-relative_markdown_links (0.6.0)
      nokogiri (>= 1.14.3, < 2)
    yard-timekeeper (0.2.6)
      version_gem (~> 1.1, >= 1.1.15)
    yard-yaml (0.2.5)
      version_gem (~> 1.1, >= 1.1.15)
      yaml-converter (~> 0.2)
    zeitwerk (2.8.3)
    zlib (3.2.3)

PLATFORMS
  aarch64-linux
  aarch64-linux-gnu
  aarch64-linux-musl
  arm64-darwin
  arm64-darwin-22
  x86_64-darwin
  x86_64-linux
  x86_64-linux-gnu
  x86_64-linux-musl

DEPENDENCIES
  addressable (>= 2.8, < 3)
  anonymous_loader (~> 0.1, >= 0.1.3)
  appraisal2 (~> 3.2, >= 3.2.3)
  appraisal2-rubocop (~> 1.0, >= 1.0.2)
  benchmark (~> 0.5, >= 0.5.0)
  bundler-audit (~> 0.9.3)
  cgi (~> 0.5)
  debug (>= 1.1)
  erb (~> 6.0, >= 6.0.7)
  gem_bench (~> 2.0, >= 2.0.5)
  gitmoji-regex (~> 2.0, >= 2.0.12)
  irb (~> 1.17)
  kettle-changelog (~> 1.0, >= 1.0.7)
  kettle-dev (~> 3.0, >= 3.0.33)
  kettle-family (~> 1.2, >= 1.2.97)
  kettle-soup-cover (~> 3.0, >= 3.0.10)
  kettle-test (~> 2.0, >= 2.0.21)
  kramdown (~> 2.5, >= 2.5.2)
  kramdown-parser-gfm (~> 1.1)
  mutex_m (~> 0.2)
  nomono (~> 1.1, >= 1.1.5)
  rake (~> 13.0)
  rbs (>= 3.0)
  reek (~> 6.5, >= 6.5.0)
  require_bench (~> 1.0, >= 1.0.4)
  rspec-block_is_expected (~> 1.0, >= 1.0.6)
  rubocop-gradual (~> 0.4, >= 0.4.0)
  rubocop-lts!
  rubocop-lts-rspec (~> 1.0, >= 1.0.6)
  rubocop-minitest (~> 0.40, >= 0.40.0)
  rubocop-on-rbs (~> 2.0, >= 2.0.0)
  rubocop-packaging (~> 0.6, >= 0.6.0, >= 0)!
  rubocop-ruby3_2 (~> 3.0, >= 3.0.6)
  ruby-progressbar (~> 1.13)
  standard (~> 1.56, >= 1.56.0)
  stone_checksums (~> 1.0, >= 1.0.8)
  stringio (>= 3.0)
  turbo_tests2 (~> 3.2, >= 3.2.7)
  webrick (~> 1.9)
  yaml-converter (~> 0.2, >= 0.2.5)
  yard (~> 0.9, >= 0.9.45)
  yard-fence (~> 0.9, >= 0.9.8)
  yard-junk (~> 0.1, >= 0.1.0)
  yard-lint (~> 1.11, >= 1.11.0)
  yard-relative_markdown_links (~> 0.6)
  yard-timekeeper (~> 0.2, >= 0.2.6)
  yard-yaml (~> 0.2, >= 0.2.5)

CHECKSUMS
  addressable (2.9.0) sha256=7fdf6ac3660f7f4e867a0838be3f6cf722ace541dd97767fa42bc6cfa980c7af
  anonymous_loader (0.1.3) sha256=084a18e2439144d955447dc11dfc982f41fcd1583ad32d4d55151325dc44cb55
  ansi (1.6.0) sha256=ac9ea0c0ea8d32fb4e271348e609963ac78882f34b73836c2a02b3622e666658
  appraisal2 (3.2.3) sha256=3a6cfaf8a444e02707b9a34154af1c4902fbe99d9d2168d7e81dd83ec77e6db7
  appraisal2-rubocop (1.0.2) sha256=1dae97c1be087cf9c098a3a72fd41f873435e9b8b39687e633b36c9ccb22bff4
  ast (2.4.3) sha256=954615157c1d6a382bc27d690d973195e79db7f55e9765ac7c481c60bdb4d383
  ast-crispr (7.1.8) sha256=d268a8014e24455cee7a206190f9c2b57b5c2de86cf9e71318cd0b54bdf1d116
  ast-crispr-markdown-markly (7.1.8) sha256=9b7b19062a41e58ebd2efdffb9264d3fa206bfbb9e52cbbd25ea46fee09b603e
  ast-crispr-ruby-prism (7.1.8) sha256=174662cba65b522de8b05b30e6f181efafe41657119dd3d0534625803f15d047
  ast-merge (7.1.8) sha256=ab0a1b86cba60b500f7c4db2761afb655cdbbc5b8a48d8003245e98d1b21fa48
  backports (3.25.3) sha256=94298d32dc3c40ca15633b54e282780b49e2db0c045f602ea1907e4f63a17235
  bash-merge (7.1.8) sha256=d2ebebd32ecc03ac83dedc76b0b5bd0166af24fa3e26689a5c260749d4d184f2
  benchmark (0.5.0) sha256=465df122341aedcb81a2a24b4d3bd19b6c67c1530713fd533f3ff034e419236c
  bigdecimal (4.1.2) sha256=53d217666027eab4280346fba98e7d5b66baaae1b9c3c1c0ffe89d48188a3fbd
  bundler (4.1.0.beta1) sha256=8a2dac8ca276ff4eff5efc2c6457b0044080fc1e431534ad7c5cc6187232b800
  bundler-audit (0.9.3) sha256=81c8766c71e47d0d28a0f98c7eed028539f21a6ea3cd8f685eb6f42333c9b4e9
  cgi (0.5.2) sha256=61ca30298171190fd4fa0d8018e57ada456eae9b7a2b78526debf7f0a0e6f8bb
  citrus (3.0.2) sha256=4ec2412fc389ad186735f4baee1460f7900a8e130ffe3f216b30d4f9c684f650
  citrus-toml-merge (7.1.8) sha256=1ea676e2ea4cc950647589362085a8c55ab7b7de0e1294c6c5ae765612add4f3
  cmdparse (3.0.7) sha256=f7c5cace10bec6abf853370ae095e4b97a84ed9d847b3fb38f41cc4fbc950739
  colsole (1.0.1) sha256=7632a300ace2db877c024ffe413c684954cf37e41264b75ace9f456c9d657b02
  command_kit (0.6.0) sha256=e57f29cf5aee4f571c210041d910ff87f85749e42dfe75139c57cc93d84afa90
  command_kit-completion (0.3.0) sha256=d9c498555125bcdd0c9d869f2a64a25a2f0205102a7f28c81c7937ae633ea737
  commonmarker (2.10.0) sha256=1884529957bf59bcd4f19fcc29e931f2042760ced273353e8010a20fe4ae68cb
  commonmarker (2.10.0-aarch64-linux) sha256=eeb167dea203dee066eb0dd99b3fd2deb526c8b5e7297ad385f7a5d60f869478
  commonmarker (2.10.0-aarch64-linux-musl) sha256=e95d9e87ea6306e21ffa11855a7bb55518538143b23a227fe3bb00b41873ce25
  commonmarker (2.10.0-arm64-darwin) sha256=39ecc891d1e4308b5233cc28b40383de854a2bfbefe17d68e49174347a8aa79e
  commonmarker (2.10.0-x86_64-darwin) sha256=01e0830ed0319825ecdc16411c90acd3f661d1568dfc178731b3f64d0ce2363d
  commonmarker (2.10.0-x86_64-linux) sha256=945c510c0bfca9022245928e2248468fe3ddad58c939be0c37b20082cc392880
  commonmarker (2.10.0-x86_64-linux-musl) sha256=288cd4fb9f17eed2ffa73551ef241dcf594e0f484b2aee2a0999540333c0618e
  commonmarker-merge (7.1.8) sha256=230e71b0fdeca792e54e76a90fa0d9629aa405dd53baa683c50ce8c1ff7ce76e
  completely (0.8.0) sha256=e493cd5d84805f47917a41f277ecbfe5f35363bed670be5a957d3acaed8c6c5e
  concurrent-ruby (1.3.8) sha256=b2f1be836e968ccc78ccfce277ea79c72a88633f22306782c16ff23fb415d1e1
  date (3.5.1) sha256=750d06384d7b9c15d562c76291407d89e368dda4d4fff957eb94962d325a0dc0
  debug (1.11.1) sha256=2e0b0ac6119f2207a6f8ac7d4a73ca8eb4e440f64da0a3136c30343146e952b6
  delegate (0.6.1) sha256=54cf946cacfe05b1c23114edd8fbd8d54e9cea7abf36b95130ab53cc88b8f7e4
  diff-lcs (1.6.2) sha256=9ae0d2cba7d4df3075fe8cd8602a8604993efc0dfa934cff568969efb1909962
  diffy (3.4.4) sha256=79384ab5ca82d0e115b2771f0961e27c164c456074bd2ec46b637ebf7b6e47e3
  docopt_ng (0.7.1) sha256=a024148ee4fa3ab1a8a04411aa4370f39cf2b446e63562097d418b7974a15667
  dotenv-merge (7.1.8) sha256=6dc6c3f0367496c867fb5d86cd0039748657c6338a955a707dbd33a66453d0c7
  dry-configurable (1.4.0) sha256=e35d1b5f3c081753ef361f564919db79000f32cfa6f20ee3a3ba5921b41b73ce
  dry-core (1.2.0) sha256=0cc5a7da88df397f153947eeeae42e876e999c1e30900f3c536fb173854e96a1
  dry-inflector (1.3.1) sha256=7fb0c2bb04f67638f25c52e7ba39ab435d922a3a5c3cd196120f63accb682dcc
  dry-initializer (3.2.0) sha256=37d59798f912dc0a1efe14a4db4a9306989007b302dcd5f25d0a2a20c166c4e3
  dry-logic (1.6.0) sha256=da6fedbc0f90fc41f9b0cc7e6f05f5d529d1efaef6c8dcc8e0733f685745cea2
  dry-schema (1.16.0) sha256=cd3aaeabc0f1af66ec82a29096d4c4fb92a0a58b9dae29a22b1bbceb78985727
  dry-types (1.9.1) sha256=baebeecdb9f8395d6c9d227b62011279440943e3ef2468fe8ccc1ba11467f178
  emoji_regex (15.0.0) sha256=a508b2c0bee561169564e0aec96085020c900520d335e5533fd8e78e59493829
  erb (6.0.7) sha256=c5ca6dc25b0ef974a44dc8f59fe847577122483b1968a38dec305c60bf91ee92
  gem_bench (2.0.5) sha256=0dc0fb44a5a5eb7b2f5c1c68a5b0164d72007132822c012bac3abe976b199ead
  geom2d (0.4.1) sha256=ea0998ea90c4f2752e24fe13d85a4f89bee689d151316140ebcc6369bf634ed9
  gitmoji-regex (2.0.12) sha256=bebbf29e9539a27f76d0695899c0fabde1b59dba556277508abf45e72a1dc24d
  hexapdf (1.10.0) sha256=9c2e8d094876878c6203d441655fafc1890870041456e03205eec7d83edf9db2
  io-console (0.9.2) sha256=efa74f891dd03c0939a931dfc6e74c2813d904763d456ea9762b0525e748db08
  irb (1.18.0) sha256=de9454a0703a54704b9811a5ef31a60c86949fbf4013fcf244fabc7c775248e3
  json (2.21.2) sha256=1f1d3b7cf2b3ba1a69beca0bb6db13d5438b80bff3cd54cdaaa620b9b07c1c6a
  json-merge (7.1.8) sha256=f8a81bd565796eefc5c1deaef2971f8aed8807d6575a7748cf794beecddd62df
  kettle-changelog (1.0.7) sha256=42b9307e46e1e551434e8054ca4f467e8b13b69bd65e5dea4544b279179a50ff
  kettle-dev (3.0.33) sha256=973ecd9c4729b857a83e1c3541ae64e86dac888eadc1fb696df6744b5acf668f
  kettle-family (1.2.99) sha256=a2ba29cfe18cb1c3dc9c08f60287aa306dad8a30ef149441302cc739ea75b0ff
  kettle-gha-pins (0.3.14) sha256=443a218149d3a2ab300875eb10ef55d5c4bc340bce7ba7caba026e1680dd8c21
  kettle-jem (7.1.25) sha256=de3aa6b0ac61bdbeab7980c1fe1a8e53c087ab6873e432d626b5e4d8be9aefb6
  kettle-ndjson (0.1.15) sha256=8606ab5b59092d46ba50394b2ad65738f6a5cc11258c6cc943f8e451da864a1f
  kettle-rb (0.1.11) sha256=3e50b413048906f2c5aea69ff805fbf8f7f2b5ea9d9e3d95151d38d97d6640f3
  kettle-soup-cover (3.0.10) sha256=579e09d382d5c46b2a4787df492fdf598c774545d4ab1b7bd8cfaf6104424edd
  kettle-test (2.0.21) sha256=2ab0dd1a1d11568f8fba61084ebef84717cd4dff028a527777c92d4e77f0e9c5
  kettle-wash (0.1.6) sha256=934dfb955f41b89540fe5df87614cf718a73ebc1696de7c50e7940a4695753ed
  kramdown (2.5.2) sha256=1ba542204c66b6f9111ff00dcc26075b95b220b07f2905d8261740c82f7f02fa
  kramdown-merge (7.1.8) sha256=00a137b5aff9865e77a7ccb670769f3267db73c61c5383f518fe6b85400f97b7
  kramdown-parser-gfm (1.1.0) sha256=fb39745516427d2988543bf01fc4cf0ab1149476382393e0e9c48592f6581729
  language_server-protocol (3.17.0.6) sha256=5ef2c0c138f8267e1bc631d3328347d354f96724b0af22f2c79516120443b7f0
  lint_roller (1.1.0) sha256=2c0c845b632a7d172cb849cc90c1bce937a28c5c8ccccb50dfd46a485003cc87
  logger (1.7.0) sha256=196edec7cc44b66cfb40f9755ce11b392f21f7967696af15d274dde7edff0203
  markdown-merge (7.1.8) sha256=9b5ed7af2fcb1395f9a7906e513c30e4b739708ac20c65bb075f7e1555ea2a9e
  markly (0.19.0) sha256=cd2c0e86eaf3660ed2a3a94104877f8bd41adda78e7c295c017d03de0d4044ca
  markly-merge (7.1.8) sha256=48782850345bb7af0922bdc6a65f5b8e0ee4ae757c39fa2040efd652c68b97a0
  mini_portile2 (2.8.9) sha256=0cd7c7f824e010c072e33f68bc02d85a00aeb6fce05bb4819c03dfd3c140c289
  mister_bin (0.9.0) sha256=624fe401db4faf1978e84c17e0b320827697a13a6cba4fe656001269079be7d3
  mutex_m (0.3.0) sha256=cfcb04ac16b69c4813777022fdceda24e9f798e48092a2b817eb4c0a782b0751
  nokogiri (1.19.4) sha256=50c951611c92bca05c51411aef45f1cbc50f2821c4802758c5c6d34696533ab5
  nokogiri (1.19.4-aarch64-linux-gnu) sha256=1269fb644a6de405057a53dd5c762b1209b43ca7424f839454d3dbc677c31a8f
  nokogiri (1.19.4-aarch64-linux-musl) sha256=35c65b9ce72b3bb03207bdbe7067915019dc18c1b9b59139684bd6690fdd01af
  nokogiri (1.19.4-arm64-darwin) sha256=a46db9853286e6597b36ebc6953817d15acf3a299583eb3f89fdc6f91dd63527
  nokogiri (1.19.4-x86_64-darwin) sha256=7fd17057d3e1f00e9954a74b3cd76595d3d4a5ef233b7ed9599047c204f70551
  nokogiri (1.19.4-x86_64-linux-gnu) sha256=379fae440b28915e3f19d752ce2dcf8465ed2b2fbefd2a7ca0dd497bc981a06a
  nokogiri (1.19.4-x86_64-linux-musl) sha256=17dfb7c1fa194ae02fbf7c51a7afc8d278045ab3fdacfd86f91d02d7b274470b
  nomono (1.1.5) sha256=e8c739eb6a1cf216645af2722cf7d005744d507e2bb038e7232be1ad9a60eb01
  openssl (4.0.2) sha256=1037ad2868ae58df9ad917891c0c0f9815a1172f6846d4bcdd508e4c2ee747c2
  ostruct (0.6.3) sha256=95a2ed4a4bd1d190784e666b47b2d3f078e4a9efda2fccf18f84ddc6538ed912
  parallel (1.28.0) sha256=33e6de1484baf2524792d178b0913fc8eb94c628d6cfe45599ad4458c638c970
  parallel_tests (5.7.0) sha256=3f1762c46ca2c223b8af8ef877217f9d76974e191bfa934f2580b58bcf1d005c
  parser (3.3.12.0) sha256=21a6d7f755d5a24dfbdc6e6b772e4e879a52e7631a88bc5a3a134606052c9828
  parslet (2.0.0) sha256=d45130695d39b43d7e6a91f4d2ec66b388a8d822bae38de9b4de9a5fbde1f606
  plain-merge (7.1.8) sha256=dc578fc00fb725ca0f8a2e10d6ab9443d9678c55a924d5183dc4665fba47ece5
  pp (0.6.4) sha256=dfcb0fce700c41456265922884f9fe195d7fbb0674a3578e6c0f69588e82b570
  prettyprint (0.2.0) sha256=2bc9e15581a94742064a3cc8b0fb9d45aae3d03a1baa6ef80922627a0766f193
  prism (1.9.0) sha256=7b530c6a9f92c24300014919c9dcbc055bf4cdf51ec30aed099b06cd6674ef85
  prism-merge (7.1.8) sha256=76bafea7b63365db5ea42d2893e817425c4facfda8b413c159e0896f994f9d45
  psych (5.5.0) sha256=4b245bbbd0f3238df8ccee766ebc1a6b062b10e4ee1d3284eb588739ba156a0a
  psych-merge (7.1.8) sha256=f0fa502b59666f8c98dd5a6c3a402e758903996ecbd368217633a0e2c2a8d712
  public_suffix (7.0.5) sha256=1a8bb08f1bbea19228d3bed6e5ed908d1cb4f7c2726d18bd9cadf60bc676f623
  racc (1.8.1) sha256=4a7f6929691dbec8b5209a0b373bc2614882b55fc5d2e447a21aaa691303d62f
  rainbow (3.1.1) sha256=039491aa3a89f42efa1d6dec2fc4e62ede96eb6acd95e52f1ad581182b79bc6a
  rake (13.4.2) sha256=cb825b2bd5f1f8e91ca37bddb4b9aaf345551b4731da62949be002fa89283701
  rake-compiler-dock (1.12.0) sha256=f13205c2738f3d2053afcd03491a9e4541b22a59a0bfc53fc8bc883bd8188023
  rb_sys (0.9.130) sha256=7d486d99c1da02635515deaf9860fc5aea90bb4ab2589b2deec7fdc7d3548615
  rbs (4.2.0) sha256=51f7b886dcc05bc09e10b901daa6a81829f6adc03101d6ca9ea4aac6103e0674
  rbs-merge (7.1.8) sha256=0b64520e32e61491571ceabfd7d590a5d048358ea601de6849cf7a8f4fe77373
  rdoc (7.2.0) sha256=8650f76cd4009c3b54955eb5d7e3a075c60a57276766ebf36f9085e8c9f23192
  reek (6.5.0) sha256=d26d3a492773b2bbc228888067a21afe33ac07954a17dbd64cdeae42c4c69be1
  regexp_parser (2.12.0) sha256=35a916a1d63190ab5c9009457136ae5f3c0c7512d60291d0d1378ba18ce08ebb
  reline (0.7.0) sha256=5b012d8e55dbf9d450f12bde2cf7d15ff546ae80b3f8f3b30e570d431815583d
  require_bench (1.0.4) sha256=c8ef54aac5c01f80bb5f110f7c08d304417a6c7b34f3683e1923227b6e65d004
  rexml (3.4.4) sha256=19e0a2c3425dfbf2d4fc1189747bdb2f849b6c5e74180401b15734bc97b5d142
  rspec (3.13.2) sha256=206284a08ad798e61f86d7ca3e376718d52c0bc944626b2349266f239f820587
  rspec-block_is_expected (1.0.6) sha256=bbad3dc30eba93becf4dcb3fd1bff5f37f6e212ab5cbf6132c07edba6ff74282
  rspec-core (3.13.6) sha256=a8823c6411667b60a8bca135364351dda34cd55e44ff94c4be4633b37d828b2d
  rspec-expectations (3.13.5) sha256=33a4d3a1d95060aea4c94e9f237030a8f9eae5615e9bd85718fe3a09e4b58836
  rspec-mocks (3.13.8) sha256=086ad3d3d17533f4237643de0b5c42f04b66348c28bf6b9c2d3f4a3b01af1d47
  rspec-pending_for (0.1.27) sha256=6aabac6a6660dd46406a226f76987c522611716bebc148fd31ad14a1842ca376
  rspec-stubbed_env (1.0.13) sha256=f3ca154c61970745159a3a7d48746121e2e7bdcf55d7a7040d555743c6ed83de
  rspec-support (3.13.7) sha256=0640e5570872aafefd79867901deeeeb40b0c9875a36b983d85f54fb7381c47c
  rspec_junit_formatter (0.6.0) sha256=40dde674e6ae4e6cc0ff560da25497677e34fefd2338cc467a8972f602b62b15
  rubocop (1.88.2) sha256=8def251c90cd955feb4daa3edc0ab56893250c4ce90ef81e6c80c03f9a939bbf
  rubocop-ast (1.50.0) sha256=b9ca88300da0803ee222ad20cdb30494c0a784eed06fdc35d254b06d662788db
  rubocop-capybara (2.23.0) sha256=f9ea1ba3a7561ee8e88cf76fc378ce517ce5327155f305ee7b5c2500e5aee357
  rubocop-env (0.1.0) sha256=5ab9a259e71822bf514c8e900a9b68cc2f74ccc87d5493efcd03213f3068e718
  rubocop-factory_bot (2.28.0) sha256=4b17fc02124444173317e131759d195b0d762844a71a29fe8139c1105d92f0cb
  rubocop-gradual (0.4.0) sha256=9c7e584e6fef6c2539266a193a4572c970c22f99046fd6b0305bdde6228f96ad
  rubocop-lts (22.3.3)
  rubocop-lts-rspec (1.0.6) sha256=b7f7dae919c9712dee09df76b027563e154f510d9b4423bb0453394b5474cf38
  rubocop-lts-ruby (0.1.4) sha256=eb0039d61d645d2b6754abd4006842945b7848a916a664f522f5e2f7a5a69bf1
  rubocop-md (2.0.4) sha256=0d076b6b5e99dea2ddc928c4bd702497decb9a8400da7808091e02ebcafcfb93
  rubocop-minitest (0.40.0) sha256=353c698199115f12151144cf0b5a96f69bb9d77b660cf6536df2c4250c672a9d
  rubocop-on-rbs (2.0.0) sha256=ce74d1b3d5daead19f4b611623656c185821dfc9aed9c7079bb1e5d7d7c464be
  rubocop-packaging (0.6.0)
  rubocop-performance (1.26.1) sha256=cd19b936ff196df85829d264b522fd4f98b6c89ad271fa52744a8c11b8f71834
  rubocop-rake (0.7.1) sha256=3797f2b6810c3e9df7376c26d5f44f3475eda59eb1adc38e6f62ecf027cbae4d
  rubocop-rspec (3.10.2) sha256=0b3e2ecc592cd10ecbf0095bb58d1e357905276e069643523cc19eb7495f65e2
  rubocop-rspec-extra (0.3.0) sha256=ee4b6484d0332a0d23c4a465eeb607e41888eb3d4ed479f850b9f5212514f787
  rubocop-rspec_rails (2.32.0) sha256=4a0d641c72f6ebb957534f539d9d0a62c47abd8ce0d0aeee1ef4701e892a9100
  rubocop-ruby3_1 (3.0.7) sha256=4aa916ebeec8143d80b1f531257788c46e5085bb0e7c0e033f6a8b696c33404d
  rubocop-ruby3_2 (3.0.8) sha256=ccc76e2f0a4a3751a1e4dd51f59e8a357c8ba11bb39e1ad76cfd9fb8f51e191f
  rubocop-thread_safety (0.7.3) sha256=067cdd52fbf5deffc18995437e45b5194236eaff4f71de3375a1f6052e48f431
  ruby-merge (7.1.8) sha256=e6a7cd320d6e78f6d1ba0a658e2e3f476fc26e09181d7d4da83c8fdbe8f525e0
  ruby-progressbar (1.13.0) sha256=80fc9c47a9b640d6834e0dc7b3c94c9df37f08cb072b7761e4a71e22cff29b33
  ruby_engine (2.0.3) sha256=ca2ae7def8cfcdc2bfb6a186d36d5d59c8b403245dc0256c3802b767fa278aaa
  ruby_version (1.0.3) sha256=5930f9950746b7e6c973184398ee364ee7440b170fef7922b9f5cdf317f1ccb5
  service_actor (3.9.4) sha256=e63b523630b9a7e62959b2a90113b08d2565b5de9c148557b281ef847c9539ce
  silent_stream (1.0.12) sha256=377c43aa10033fe90c33b39ea8cd97d79f2d1c4856df598efc56f3091f3ae782
  simplecov (1.2.0) sha256=ea6acd05eece5a41990e2a5171c57d15700d329326c7666c85ee8c6a0dd0977e
  simplecov-cobertura (4.0.0) sha256=e4fb3159b1ecea545b44f5452a8611305323e78ad23eae8aed35924d072e01ea
  simplecov-console (0.9.5) sha256=b1108bcfff5f210143e2b8301698c367b01586f20d25a73e95475a5df6fc6ff6
  simplecov-rcov (0.3.7) sha256=372f50bf6df6b6350b7d0c840f2f8bdabe021861a43c26877b747c9ac96139fc
  simplecov_lcov_formatter (0.9.0) sha256=4c1839bb31dcf7a8f7a6474c94ed228aa03b994e9dd5e1965e58b4121b049bed
  sorbet-runtime (0.6.13490) sha256=b7818903f86867eec8912bd4ca258558e41d7b3514bdc1a91f9df1d09b4a775f
  standard (1.56.0) sha256=ae2af4d9669589162ac69ed5ef59dcf9f346d4afc81f7e62b84339310dfcb787
  standard-custom (1.0.2) sha256=424adc84179a074f1a2a309bb9cf7cd6bfdb2b6541f20c6bf9436c0ba22a652b
  standard-performance (1.9.0) sha256=49483d31be448292951d80e5e67cdcb576c2502103c7b40aec6f1b6e9c88e3f2
  standard-rspec (0.5.0) sha256=64d396524a65af47f5331b423d8cdd313e0267401647bb7892489ca89dad2973
  standard-rubocop-lts (2.0.13) sha256=acc0f7e73db0215a50b5e2df01fbf1b6bbcc68bb128f429f970db3fdd62a8243
  stone_checksums (1.0.8) sha256=91c5453d6c67c468653bf5396a33936c85d7731077be756ed0ff7eb78f981117
  stringio (3.2.0) sha256=c37cb2e58b4ffbd33fe5cd948c05934af997b36e0b6ca6fdf43afa234cf222e1
  strings-ansi (0.2.0) sha256=90262d760ea4a94cc2ae8d58205277a343409c288cbe7c29416b1826bd511c88
  strscan (3.1.8) sha256=aae2db611a225559f21ffbb71765c9a4e60fd262534a9ea84f4f11c7f32f679e
  terminal-table (4.0.0) sha256=f504793203f8251b2ea7c7068333053f0beeea26093ec9962e62ea79f94301d2
  thor (1.5.0) sha256=e3a9e55fe857e44859ce104a84675ab6e8cd59c650a49106a05f55f136425e73
  timecop (0.9.11) sha256=41284dc6e5041f2184f781ace766f942108c842f8d8c1386a26e6343decc7542
  timecop-rspec (1.0.3) sha256=005f14841bb606dcaefb060e321b5388e2e59537742bee8b3a9a9a40e598fab9
  token-resolver (2.0.10) sha256=188df2d18d90816c690ba9a66d7299ba9de9a73779d816170ea70da624aa3d87
  toml-merge (7.1.8) sha256=7c99f8b73b75d4a2e5c38679ec8930aac7902180b404b56c205d5fb82ea97193
  toml-rb (4.2.1) sha256=e6c40e27905e86a7d38cc252eb4bc12d72c61576c826a358390c30f5de0b9dbb
  tree_haver (7.1.8) sha256=eb97ea82ab65ab138b917659e9b66791d9c17cda304c742362d876d727d60c59
  tree_sitter_language_pack (1.16.2) sha256=38501f5e6387c3112ecddb3a5a715f00a5027156bacd4c879d0b70fd130f778a
  tree_sitter_language_pack (1.16.2-aarch64-linux) sha256=f44b6de8a7ac74b5115b0c155cd384e7df29a7b0d3c65bae2a5e78fd2e232652
  tree_sitter_language_pack (1.16.2-arm64-darwin) sha256=c673c3cef003761d2e6ed818f338e21664860e0b80a4d1f20c4993cd7e88b8d6
  tree_sitter_language_pack (1.16.2-x86_64-darwin) sha256=f7457f90ec51d70ed2b1c1de452e665c7ee6e6f17d2dd7cd30e2c082877f75e6
  tree_sitter_language_pack (1.16.2-x86_64-linux) sha256=d8151e6e44e35ace9de3611c76b730896beab17f427db06d8f76666332a5dc60
  tsort (0.2.0) sha256=9650a793f6859a43b6641671278f79cfead60ac714148aabe4e3f0060480089f
  tty-cursor (0.7.1) sha256=79534185e6a777888d88628b14b6a1fdf5154a603f285f80b1753e1908e0bf48
  tty-progressbar (0.18.3) sha256=6cbb4260e55e74a9180d502143eb6a467d2c8e51bf5f3c9509fb5cacc3d4a5f6
  tty-screen (0.8.2) sha256=c090652115beae764336c28802d633f204fb84da93c6a968aa5d8e319e819b50
  turbo_tests2 (3.2.7) sha256=b0fbc681d15aa1aa8158d7826575155d2fc084124a1903b45db02a0ea9a9c0e7
  unicode-display_width (2.6.0) sha256=12279874bba6d5e4d2728cef814b19197dbb10d7a7837a869bab65da943b7f5a
  version_gem (1.1.15) sha256=a73241587b29252e3567e0c818ded80730eb754d43b508f6ce4db22ca9ba27d0
  webrick (1.9.2) sha256=beb4a15fc474defed24a3bda4ffd88a490d517c9e4e6118c3edce59e45864131
  yaml-converter (0.2.5) sha256=a5214fe1a6c2df88bd34a35bcded1b1dcd30135548130df2e03b54ca8c0f2423
  yaml-merge (7.1.8) sha256=354d8a1c01d70714249a1bfb7c8c18c95be02209c51d32e27ebd301976a9986b
  yard (0.9.45) sha256=52e211493f7cb8a3ebf7e104a25a1e73937a3103092545d34cb88fafebb3dc51
  yard-fence (0.9.8) sha256=73d935d43e3479d65ce8aff25c7d3100e8bb83528a2adaa0ed824e5046ac99e7
  yard-junk (0.1.0) sha256=e85fe2ec1afa47313decd333447b53458cb1ed49b510b70015fdc3041a94bcdd
  yard-lint (1.11.0) sha256=98331ffbc7e0b9bbf1872dfba8c628531876cf5011b5f8f0ec2e129083ff8a52
  yard-relative_markdown_links (0.6.0) sha256=3e5ffa85cbad9bac70bee5421774b190fb25d3bdf489323a5b3534f647d1a70e
  yard-timekeeper (0.2.6) sha256=8dc5f67f98f95339fa2a8e7c842fee3ec01e429e90d7dedc6d815c30a544fb3a
  yard-yaml (0.2.5) sha256=85ef36242587c3c192fd86e185877aa5fb895fd4a1751136bc853e56205ad5ca
  zeitwerk (2.8.3) sha256=2c85125a8467ce069e20123d1e709a08955c9d29c118c25b46b7b7fafdbb92e5
  zlib (3.2.3) sha256=5bd316698b32f31a64ab910a8b6c282442ca1626a81bbd6a1674e8522e319c20

BUNDLED WITH
  4.1.0.beta1
