GIT
  remote: https://github.com/pboling/rubocop-packaging.git
  revision: 3539ba858d379740d638566faee9e56b2b854145
  ref: 3539ba858d379740d638566faee9e56b2b854145
  specs:
    rubocop-packaging (0.6.0)
      lint_roller (~> 1.1.0)
      rubocop (>= 1.72.1, < 2.0)

PATH
  remote: .
  specs:
    rubocop-lts (18.4.4)
      rubocop-ruby2_7 (~> 3.0, >= 3.0.7)
      standard-rubocop-lts (~> 2.0, >= 2.0.13)
      version_gem (~> 1.1, >= 1.1.15)

PATH
  remote: /var/home/pboling/src/my/kettle-dev/kettle-changelog
  specs:
    kettle-changelog (1.0.8)
      ast-crispr-markdown-markly (~> 7.1, >= 7.1.1)
      kettle-dev (~> 3.1, >= 3.1.2)
      version_gem (~> 1.1, >= 1.1.15)

PATH
  remote: /var/home/pboling/src/my/kettle-dev/kettle-dev
  specs:
    kettle-dev (3.1.5)
      emoji_regex (>= 15.0)
      kettle-gha-pins (~> 0.3, >= 0.3.16)
      kettle-ndjson (~> 0.1, >= 0.1.18)
      kettle-rb (~> 0.1, >= 0.1.15)
      kettle-test (~> 2.0, >= 2.0.23)
      ruby-progressbar (~> 1.13)
      tty-progressbar (~> 0.18)
      version_gem (~> 1.1, >= 1.1.15)

PATH
  remote: /var/home/pboling/src/my/kettle-dev/kettle-drift
  specs:
    kettle-drift (1.0.15)
      version_gem (~> 1.1, >= 1.1.15)

PATH
  remote: /var/home/pboling/src/my/kettle-dev/kettle-soup-cover
  specs:
    kettle-soup-cover (3.0.11)
      kettle-wash (~> 0.1, >= 0.1.9)
      simplecov (>= 1.0)
      simplecov-cobertura (>= 4.0)
      simplecov-console (~> 0.9, >= 0.9.5)
      simplecov-rcov (~> 0.3, >= 0.3.7)
      simplecov_lcov_formatter (~> 0.9, >= 0.9.0)
      version_gem (~> 1.1, >= 1.1.15)

PATH
  remote: /var/home/pboling/src/my/rubocop-lts/rubocop-lts-ruby
  specs:
    rubocop-lts-ruby (0.1.5)
      lint_roller (~> 1.1)
      rubocop (>= 1.72.1, < 2.0)
      version_gem (~> 1.1, >= 1.1.15)

PATH
  remote: /var/home/pboling/src/my/rubocop-lts/rubocop-ruby1_8
  specs:
    rubocop-ruby1_8 (2.0.8)
      rubocop-gradual (~> 0.3, >= 0.3.6)
      rubocop-md (~> 2.0, >= 2.0.4)
      rubocop-rake (~> 0.7, >= 0.7.1)
      rubocop-thread_safety (~> 0.7, >= 0.7.3)
      standard-rubocop-lts (~> 2.0, >= 2.0.13)
      version_gem (~> 1.1, >= 1.1.15)

PATH
  remote: /var/home/pboling/src/my/rubocop-lts/rubocop-ruby1_9
  specs:
    rubocop-ruby1_9 (3.0.8)
      rubocop-gradual (~> 0.3, >= 0.3.6)
      rubocop-md (~> 2.0, >= 2.0.4)
      rubocop-rake (~> 0.7, >= 0.7.1)
      rubocop-thread_safety (~> 0.7, >= 0.7.3)
      standard-rubocop-lts (~> 2.0, >= 2.0.13)
      version_gem (~> 1.1, >= 1.1.15)

PATH
  remote: /var/home/pboling/src/my/rubocop-lts/rubocop-ruby2_0
  specs:
    rubocop-ruby2_0 (3.0.8)
      rubocop-gradual (~> 0.3, >= 0.3.6)
      rubocop-md (~> 2.0, >= 2.0.4)
      rubocop-rake (~> 0.7, >= 0.7.1)
      rubocop-thread_safety (~> 0.7, >= 0.7.3)
      standard-rubocop-lts (~> 2.0, >= 2.0.13)
      version_gem (~> 1.1, >= 1.1.15)

PATH
  remote: /var/home/pboling/src/my/rubocop-lts/rubocop-ruby2_1
  specs:
    rubocop-ruby2_1 (3.0.8)
      rubocop-gradual (~> 0.3, >= 0.3.6)
      rubocop-md (~> 2.0, >= 2.0.4)
      rubocop-rake (~> 0.7, >= 0.7.1)
      rubocop-thread_safety (~> 0.7, >= 0.7.3)
      standard-rubocop-lts (~> 2.0, >= 2.0.13)
      version_gem (~> 1.1, >= 1.1.15)

PATH
  remote: /var/home/pboling/src/my/rubocop-lts/rubocop-ruby2_2
  specs:
    rubocop-ruby2_2 (3.0.8)
      rubocop-gradual (~> 0.3, >= 0.3.6)
      rubocop-md (~> 2.0, >= 2.0.4)
      rubocop-rake (~> 0.7, >= 0.7.1)
      rubocop-thread_safety (~> 0.7, >= 0.7.3)
      standard-rubocop-lts (~> 2.0, >= 2.0.13)
      version_gem (~> 1.1, >= 1.1.15)

PATH
  remote: /var/home/pboling/src/my/rubocop-lts/rubocop-ruby2_3
  specs:
    rubocop-ruby2_3 (3.0.8)
      rubocop-gradual (~> 0.3, >= 0.3.6)
      rubocop-md (~> 2.0, >= 2.0.4)
      rubocop-rake (~> 0.7, >= 0.7.1)
      rubocop-thread_safety (~> 0.7, >= 0.7.3)
      standard-rubocop-lts (~> 2.0, >= 2.0.13)
      version_gem (~> 1.1, >= 1.1.15)

PATH
  remote: /var/home/pboling/src/my/rubocop-lts/rubocop-ruby2_4
  specs:
    rubocop-ruby2_4 (3.0.8)
      rubocop-gradual (~> 0.3, >= 0.3.6)
      rubocop-md (~> 2.0, >= 2.0.4)
      rubocop-rake (~> 0.7, >= 0.7.1)
      rubocop-thread_safety (~> 0.7, >= 0.7.3)
      standard-rubocop-lts (~> 2.0, >= 2.0.13)
      version_gem (~> 1.1, >= 1.1.15)

PATH
  remote: /var/home/pboling/src/my/rubocop-lts/rubocop-ruby2_5
  specs:
    rubocop-ruby2_5 (3.0.8)
      rubocop-gradual (~> 0.3, >= 0.3.6)
      rubocop-md (~> 2.0, >= 2.0.4)
      rubocop-rake (~> 0.7, >= 0.7.1)
      rubocop-thread_safety (~> 0.7, >= 0.7.3)
      standard-rubocop-lts (~> 2.0, >= 2.0.13)
      version_gem (~> 1.1, >= 1.1.15)

PATH
  remote: /var/home/pboling/src/my/rubocop-lts/rubocop-ruby2_6
  specs:
    rubocop-ruby2_6 (3.0.8)
      rubocop-gradual (~> 0.3, >= 0.3.6)
      rubocop-md (~> 2.0, >= 2.0.4)
      rubocop-rake (~> 0.7, >= 0.7.1)
      rubocop-thread_safety (~> 0.7, >= 0.7.3)
      standard-rubocop-lts (~> 2.0, >= 2.0.13)
      version_gem (~> 1.1, >= 1.1.15)

PATH
  remote: /var/home/pboling/src/my/rubocop-lts/rubocop-ruby2_7
  specs:
    rubocop-ruby2_7 (3.0.8)
      rubocop-gradual (~> 0.3, >= 0.3.6)
      rubocop-md (~> 2.0, >= 2.0.4)
      rubocop-rake (~> 0.7, >= 0.7.1)
      rubocop-thread_safety (~> 0.7, >= 0.7.3)
      standard-rubocop-lts (~> 2.0, >= 2.0.13)
      version_gem (~> 1.1, >= 1.1.15)

PATH
  remote: /var/home/pboling/src/my/rubocop-lts/rubocop-ruby3_0
  specs:
    rubocop-ruby3_0 (3.0.8)
      rubocop-gradual (~> 0.3, >= 0.3.6)
      rubocop-md (~> 2.0, >= 2.0.4)
      rubocop-rake (~> 0.7, >= 0.7.1)
      rubocop-thread_safety (~> 0.7, >= 0.7.3)
      standard-rubocop-lts (~> 2.0, >= 2.0.13)
      version_gem (~> 1.1, >= 1.1.15)

PATH
  remote: /var/home/pboling/src/my/rubocop-lts/rubocop-ruby3_1
  specs:
    rubocop-ruby3_1 (3.0.8)
      rubocop-gradual (~> 0.3, >= 0.3.6)
      rubocop-md (~> 2.0, >= 2.0.4)
      rubocop-rake (~> 0.7, >= 0.7.1)
      rubocop-thread_safety (~> 0.7, >= 0.7.3)
      standard-rubocop-lts (~> 2.0, >= 2.0.13)
      version_gem (~> 1.1, >= 1.1.15)

PATH
  remote: /var/home/pboling/src/my/rubocop-lts/rubocop-ruby3_2
  specs:
    rubocop-ruby3_2 (3.0.9)
      rubocop-gradual (~> 0.3, >= 0.3.6)
      rubocop-md (~> 2.0, >= 2.0.4)
      rubocop-rake (~> 0.7, >= 0.7.1)
      rubocop-thread_safety (~> 0.7, >= 0.7.3)
      standard-rubocop-lts (~> 2.0, >= 2.0.13)
      version_gem (~> 1.1, >= 1.1.15)

PATH
  remote: /var/home/pboling/src/my/rubocop-lts/standard-rubocop-lts
  specs:
    standard-rubocop-lts (2.0.14)
      rubocop-lts-ruby (~> 0.1, >= 0.1.4)
      standard (~> 1.54, >= 1.54.0)
      standard-custom (~> 1.0, >= 1.0.2)
      standard-performance (~> 1.9, >= 1.9.0)
      version_gem (~> 1.1, >= 1.1.15)

PATH
  remote: /var/home/pboling/src/my/structuredmerge/ruby/gems/ast-crispr-markdown-markly
  specs:
    ast-crispr-markdown-markly (7.1.10)
      ast-crispr (= 7.1.10)
      markdown-merge (= 7.1.10)
      markly-merge (= 7.1.10)
      version_gem (~> 1.1, >= 1.1.15)

PATH
  remote: /var/home/pboling/src/my/structuredmerge/ruby/gems/ast-crispr-ruby-prism
  specs:
    ast-crispr-ruby-prism (7.1.10)
      ast-crispr (= 7.1.10)
      prism-merge (= 7.1.10)
      tree_haver (= 7.1.10)
      version_gem (~> 1.1, >= 1.1.15)

PATH
  remote: /var/home/pboling/src/my/structuredmerge/ruby/gems/ast-crispr
  specs:
    ast-crispr (7.1.10)
      ast-merge (= 7.1.10)
      service_actor (~> 3.9)
      version_gem (~> 1.1, >= 1.1.15)

PATH
  remote: /var/home/pboling/src/my/structuredmerge/ruby/gems/ast-merge-git
  specs:
    ast-merge-git (7.1.10)
      ast-merge (= 7.1.10)
      tree_haver (= 7.1.10)
      version_gem (~> 1.1, >= 1.1.15)

PATH
  remote: /var/home/pboling/src/my/structuredmerge/ruby/gems/ast-merge
  specs:
    ast-merge (7.1.10)
      benchmark
      token-resolver (~> 2.0, >= 2.0.4)
      tree_haver (= 7.1.10)
      version_gem (~> 1.1, >= 1.1.15)

PATH
  remote: /var/home/pboling/src/my/structuredmerge/ruby/gems/ast-template
  specs:
    ast-template (7.1.10)
      ast-merge (= 7.1.10)
      version_gem (~> 1.1, >= 1.1.15)

PATH
  remote: /var/home/pboling/src/my/structuredmerge/ruby/gems/bash-merge
  specs:
    bash-merge (7.1.10)
      ast-merge (= 7.1.10)
      tree_haver (= 7.1.10)
      version_gem (~> 1.1, >= 1.1.15)

PATH
  remote: /var/home/pboling/src/my/structuredmerge/ruby/gems/binary-merge
  specs:
    binary-merge (7.1.10)
      ast-merge (= 7.1.10)
      tree_haver (= 7.1.10)
      version_gem (~> 1.1, >= 1.1.15)

PATH
  remote: /var/home/pboling/src/my/structuredmerge/ruby/gems/citrus-toml-merge
  specs:
    citrus-toml-merge (7.1.10)
      ast-merge (= 7.1.10)
      toml-merge (= 7.1.10)
      toml-rb (~> 4.1)
      version_gem (~> 1.1, >= 1.1.15)

PATH
  remote: /var/home/pboling/src/my/structuredmerge/ruby/gems/commonmarker-merge
  specs:
    commonmarker-merge (7.1.10)
      commonmarker (~> 2.2)
      markdown-merge (= 7.1.10)
      version_gem (~> 1.1, >= 1.1.15)

PATH
  remote: /var/home/pboling/src/my/structuredmerge/ruby/gems/dotenv-merge
  specs:
    dotenv-merge (7.1.10)
      ast-merge (= 7.1.10)
      plain-merge (= 7.1.10)
      tree_haver (= 7.1.10)
      version_gem (~> 1.1, >= 1.1.15)

PATH
  remote: /var/home/pboling/src/my/structuredmerge/ruby/gems/go-merge
  specs:
    go-merge (7.1.10)
      ast-merge (= 7.1.10)
      tree_haver (= 7.1.10)
      version_gem (~> 1.1, >= 1.1.15)

PATH
  remote: /var/home/pboling/src/my/structuredmerge/ruby/gems/html-merge
  specs:
    html-merge (7.1.10)
      ast-crispr (= 7.1.10)
      ast-merge (= 7.1.10)
      tree_haver (= 7.1.10)
      version_gem (~> 1.1, >= 1.1.15)

PATH
  remote: /var/home/pboling/src/my/structuredmerge/ruby/gems/json-merge
  specs:
    json-merge (7.1.10)
      ast-merge (= 7.1.10)
      tree_haver (= 7.1.10)
      version_gem (~> 1.1, >= 1.1.15)

PATH
  remote: /var/home/pboling/src/my/structuredmerge/ruby/gems/kettle-jem
  specs:
    kettle-jem (7.1.29)
      addressable (>= 2.8, < 3)
      ast-crispr-markdown-markly (~> 7.1, >= 7.1.8)
      ast-crispr-ruby-prism (~> 7.1, >= 7.1.10)
      ast-merge (~> 7.1, >= 7.1.8)
      bash-merge (~> 7.1, >= 7.1.8)
      citrus-toml-merge (~> 7.1, >= 7.1.8)
      commonmarker-merge (~> 7.1, >= 7.1.8)
      dotenv-merge (~> 7.1, >= 7.1.8)
      json-merge (~> 7.1, >= 7.1.8)
      kettle-changelog (~> 1.0, >= 1.0.7)
      kettle-dev (~> 3.1, >= 3.1.4)
      kettle-gha-pins (~> 0.3, >= 0.3.14)
      kettle-ndjson (~> 0.1, >= 0.1.13)
      kettle-rb (~> 0.1, >= 0.1.11)
      kramdown-merge (~> 7.1, >= 7.1.8)
      markdown-merge (~> 7.1, >= 7.1.8)
      markly-merge (~> 7.1, >= 7.1.8)
      parslet (~> 2.0)
      prism-merge (~> 7.1, >= 7.1.8)
      psych-merge (~> 7.1, >= 7.1.8)
      rbs (>= 3.10)
      rbs-merge (~> 7.1, >= 7.1.8)
      ruby-merge (~> 7.1, >= 7.1.8)
      token-resolver (~> 2.0, >= 2.0.10)
      toml-merge (~> 7.1, >= 7.1.8)
      toml-rb (~> 4.2)
      tree_haver (~> 7.1, >= 7.1.8)
      version_gem (~> 1.1, >= 1.1.15)
      yaml-merge (~> 7.1, >= 7.1.8)

PATH
  remote: /var/home/pboling/src/my/structuredmerge/ruby/gems/kramdown-merge
  specs:
    kramdown-merge (7.1.10)
      kramdown (~> 2.5)
      markdown-merge (= 7.1.10)
      version_gem (~> 1.1, >= 1.1.15)

PATH
  remote: /var/home/pboling/src/my/structuredmerge/ruby/gems/markdown-merge
  specs:
    markdown-merge (7.1.10)
      ast-merge (= 7.1.10)
      tree_haver (= 7.1.10)
      version_gem (~> 1.1, >= 1.1.15)

PATH
  remote: /var/home/pboling/src/my/structuredmerge/ruby/gems/markly-merge
  specs:
    markly-merge (7.1.10)
      markdown-merge (= 7.1.10)
      markly (~> 0.9)
      version_gem (~> 1.1, >= 1.1.15)

PATH
  remote: /var/home/pboling/src/my/structuredmerge/ruby/gems/parslet-toml-merge
  specs:
    parslet-toml-merge (7.1.10)
      toml (~> 0.3)
      toml-merge (= 7.1.10)
      version_gem (~> 1.1, >= 1.1.15)

PATH
  remote: /var/home/pboling/src/my/structuredmerge/ruby/gems/plain-merge
  specs:
    plain-merge (7.1.10)
      ast-merge (= 7.1.10)
      tree_haver (= 7.1.10)
      version_gem (~> 1.1, >= 1.1.15)

PATH
  remote: /var/home/pboling/src/my/structuredmerge/ruby/gems/prism-merge
  specs:
    prism-merge (7.1.10)
      ast-merge (= 7.1.10)
      prism (~> 1.6)
      ruby-merge (= 7.1.10)
      tree_haver (= 7.1.10)
      version_gem (~> 1.1, >= 1.1.15)

PATH
  remote: /var/home/pboling/src/my/structuredmerge/ruby/gems/psych-merge
  specs:
    psych-merge (7.1.10)
      ast-merge (= 7.1.10)
      tree_haver (= 7.1.10)
      version_gem (~> 1.1, >= 1.1.15)
      yaml-merge (= 7.1.10)

PATH
  remote: /var/home/pboling/src/my/structuredmerge/ruby/gems/rbs-merge
  specs:
    rbs-merge (7.1.10)
      ast-merge (= 7.1.10)
      rbs (>= 3.10)
      tree_haver (= 7.1.10)
      version_gem (~> 1.1, >= 1.1.15)

PATH
  remote: /var/home/pboling/src/my/structuredmerge/ruby/gems/ruby-merge
  specs:
    ruby-merge (7.1.10)
      ast-merge (= 7.1.10)
      tree_haver (= 7.1.10)
      version_gem (~> 1.1, >= 1.1.15)

PATH
  remote: /var/home/pboling/src/my/structuredmerge/ruby/gems/rust-merge
  specs:
    rust-merge (7.1.10)
      ast-merge (= 7.1.10)
      tree_haver (= 7.1.10)
      version_gem (~> 1.1, >= 1.1.15)

PATH
  remote: /var/home/pboling/src/my/structuredmerge/ruby/gems/smorg-rb
  specs:
    smorg-rb (7.1.10)
      ast-merge (= 7.1.10)
      ast-merge-git (= 7.1.10)
      bash-merge (= 7.1.10)
      diff-lcs (~> 1.5)
      dotenv-merge (= 7.1.10)
      go-merge (= 7.1.10)
      html-merge (= 7.1.10)
      json-merge (= 7.1.10)
      kettle-jem (~> 7.1, >= 7.1.26)
      markdown-merge (= 7.1.10)
      plain-merge (= 7.1.10)
      prism-merge (= 7.1.10)
      psych-merge (= 7.1.10)
      rbs-merge (= 7.1.10)
      rust-merge (= 7.1.10)
      toml-merge (= 7.1.10)
      typescript-merge (= 7.1.10)
      version_gem (~> 1.1, >= 1.1.15)

PATH
  remote: /var/home/pboling/src/my/structuredmerge/ruby/gems/toml-merge
  specs:
    toml-merge (7.1.10)
      ast-merge (= 7.1.10)
      tree_haver (= 7.1.10)
      version_gem (~> 1.1, >= 1.1.15)

PATH
  remote: /var/home/pboling/src/my/structuredmerge/ruby/gems/tree_haver
  specs:
    tree_haver (7.1.10)
      citrus (~> 3.0)
      parslet (~> 2.0)
      tree_sitter_language_pack (>= 1.17.0, < 2.0)
      version_gem (~> 1.1, >= 1.1.15)

PATH
  remote: /var/home/pboling/src/my/structuredmerge/ruby/gems/typescript-merge
  specs:
    typescript-merge (7.1.10)
      ast-merge (= 7.1.10)
      tree_haver (= 7.1.10)
      version_gem (~> 1.1, >= 1.1.15)

PATH
  remote: /var/home/pboling/src/my/structuredmerge/ruby/gems/yaml-merge
  specs:
    yaml-merge (7.1.10)
      ast-merge (= 7.1.10)
      tree_haver (= 7.1.10)
      version_gem (~> 1.1, >= 1.1.15)

PATH
  remote: /var/home/pboling/src/my/structuredmerge/ruby/gems/zip-merge
  specs:
    zip-merge (7.1.10)
      binary-merge (= 7.1.10)
      tree_haver (= 7.1.10)
      version_gem (~> 1.1, >= 1.1.15)

GEM
  remote: https://gem.coop/
  specs:
    addressable (2.9.0)
      public_suffix (>= 2.0.2, < 8.0)
    anonymous_loader (0.1.3)
      version_gem (~> 1.1, >= 1.1.14)
    ansi (1.6.0)
    appraisal2 (3.2.5)
      bundler (>= 1.17.3)
      rake (>= 10)
      thor (>= 0.14)
    appraisal2-rubocop (1.0.4)
      appraisal2 (>= 3.2.5)
      rubocop (>= 1.0)
      version_gem (~> 1.1, >= 1.1.15)
    ast (2.4.3)
    backports (3.25.3)
    benchmark (0.5.0)
    bigdecimal (4.1.3)
    bundler-audit (0.9.3)
      bundler (>= 1.2.0)
      thor (~> 1.0)
    cgi (0.5.2)
    citrus (3.0.2)
    cmdparse (3.0.7)
    colsole (1.0.1)
    command_kit (0.6.0)
    command_kit-completion (0.3.0)
      command_kit (~> 0.1)
      completely (~> 0.6)
    commonmarker (2.10.0)
      rb_sys (~> 0.9)
    commonmarker (2.10.0-aarch64-linux)
    commonmarker (2.10.0-aarch64-linux-musl)
    commonmarker (2.10.0-arm64-darwin)
    commonmarker (2.10.0-x86_64-darwin)
    commonmarker (2.10.0-x86_64-linux)
    commonmarker (2.10.0-x86_64-linux-musl)
    completely (0.8.0)
      colsole (~> 1.0.0)
      erb
      mister_bin (~> 0.7)
    concurrent-ruby (1.3.8)
    date (3.5.1)
    debug (1.11.1)
      irb (~> 1.10)
      reline (>= 0.3.8)
    delegate (0.6.1)
    diff-lcs (1.6.2)
    diffy (3.4.4)
    docopt_ng (0.7.1)
    dry-configurable (1.4.0)
      dry-core (~> 1.0)
      zeitwerk (~> 2.6)
    dry-core (1.2.0)
      concurrent-ruby (~> 1.0)
      logger
      zeitwerk (~> 2.6)
    dry-inflector (1.3.1)
    dry-initializer (3.2.0)
    dry-logic (1.6.0)
      bigdecimal
      concurrent-ruby (~> 1.0)
      dry-core (~> 1.1)
      zeitwerk (~> 2.6)
    dry-schema (1.16.0)
      concurrent-ruby (~> 1.0)
      dry-configurable (~> 1.0, >= 1.0.1)
      dry-core (~> 1.1)
      dry-initializer (~> 3.2)
      dry-logic (~> 1.6)
      dry-types (~> 1.9, >= 1.9.1)
      zeitwerk (~> 2.6)
    dry-types (1.9.1)
      bigdecimal (>= 3.0)
      concurrent-ruby (~> 1.0)
      dry-core (~> 1.0)
      dry-inflector (~> 1.0)
      dry-logic (~> 1.4)
      zeitwerk (~> 2.6)
    emoji_regex (15.0.0)
    erb (6.0.7)
    gem_bench (2.0.5)
      bundler (>= 1.14)
      version_gem (~> 1.1, >= 1.1.4)
    geom2d (0.4.1)
    gitmoji-regex (2.0.13)
      version_gem (~> 1.1, >= 1.1.15)
    hexapdf (1.11.0)
      cmdparse (~> 3.0, >= 3.0.3)
      geom2d (~> 0.4, >= 0.4.1)
      openssl (>= 2.2.1)
      strscan (>= 3.1.2)
    io-console (0.9.4)
    irb (1.18.0)
      pp (>= 0.6.0)
      prism (>= 1.3.0)
      rdoc (>= 4.0.0)
      reline (>= 0.4.2)
    json (2.21.2)
    kettle-family (1.3.3)
      command_kit (~> 0.6)
      command_kit-completion (~> 0.1)
      kettle-changelog (~> 1.0, >= 1.0.8)
      kettle-dev (~> 3.1, >= 3.1.4)
      kettle-gha-pins (~> 0.3, >= 0.3.16)
      kettle-jem (~> 7.1, >= 7.1.28)
      kettle-test (~> 2.0, >= 2.0.23)
      tsort (~> 0.2)
      tty-screen (~> 0.8)
      unicode-display_width (~> 2.6)
      version_gem (~> 1.1, >= 1.1.15)
    kettle-gha-pins (0.3.16)
      ruby-progressbar (~> 1.13)
      tty-progressbar (~> 0.18)
      version_gem (~> 1.1, >= 1.1.15)
    kettle-ndjson (0.1.18)
      version_gem (~> 1.1, >= 1.1.15)
    kettle-rb (0.1.15)
    kettle-test (2.0.23)
      appraisal2 (~> 3.0, >= 3.0.6)
      backports (~> 3.0)
      rspec (~> 3.0)
      rspec-block_is_expected (~> 1.0, >= 1.0.6)
      rspec-pending_for (~> 0.1, >= 0.1.20)
      rspec-stubbed_env (~> 1.0, >= 1.0.6)
      rspec_junit_formatter (~> 0.6)
      silent_stream (~> 1.0, >= 1.0.12)
      timecop-rspec (~> 1.0, >= 1.0.3)
      turbo_tests2 (~> 3.1, >= 3.1.12)
      version_gem (~> 1.1, >= 1.1.15)
    kettle-wash (0.1.9)
      version_gem (~> 1.1, >= 1.1.15)
    kramdown (2.5.2)
      rexml (>= 3.4.4)
    kramdown-parser-gfm (1.1.0)
      kramdown (~> 2.0)
    language_server-protocol (3.17.0.6)
    lint_roller (1.1.0)
    logger (1.7.0)
    markly (0.19.0)
    mini_portile2 (2.8.9)
    mister_bin (0.9.0)
      colsole (~> 1.0.0)
      docopt_ng (~> 0.7.1)
      reline (~> 0.6)
    mutex_m (0.3.0)
    nokogiri (1.19.4)
      mini_portile2 (~> 2.8.2)
      racc (~> 1.4)
    nokogiri (1.19.4-aarch64-linux-gnu)
      racc (~> 1.4)
    nokogiri (1.19.4-aarch64-linux-musl)
      racc (~> 1.4)
    nokogiri (1.19.4-arm64-darwin)
      racc (~> 1.4)
    nokogiri (1.19.4-x86_64-darwin)
      racc (~> 1.4)
    nokogiri (1.19.4-x86_64-linux-gnu)
      racc (~> 1.4)
    nokogiri (1.19.4-x86_64-linux-musl)
      racc (~> 1.4)
    nomono (1.1.6)
      version_gem (~> 1.1, >= 1.1.15)
    openssl (4.0.2)
    ostruct (0.6.3)
    parallel (1.28.0)
    parallel_tests (5.8.0)
      parallel
    parser (3.3.12.0)
      ast (~> 2.4.1)
      racc
    parslet (2.0.0)
    pp (0.6.4)
      prettyprint
    prettyprint (0.2.0)
    prism (1.9.0)
    psych (5.5.0)
      date
      stringio
    public_suffix (7.0.5)
    racc (1.8.1)
    rainbow (3.1.1)
    rake (13.4.2)
    rake-compiler-dock (1.12.0)
    rb_sys (0.9.130)
      rake-compiler-dock (= 1.12.0)
    rbs (4.2.0)
      logger
      prism (>= 1.6.0)
      tsort
    rdoc (7.2.0)
      erb
      psych (>= 4.0.0)
      tsort
    reek (6.5.0)
      dry-schema (~> 1.13)
      logger (~> 1.6)
      parser (~> 3.3.0)
      rainbow (>= 2.0, < 4.0)
      rexml (~> 3.1)
    regexp_parser (2.13.0)
    reline (0.7.0)
      io-console (~> 0.5)
    require_bench (1.0.4)
      version_gem (>= 1.1.3, < 4)
    rexml (3.4.4)
    rspec (3.13.2)
      rspec-core (~> 3.13.0)
      rspec-expectations (~> 3.13.0)
      rspec-mocks (~> 3.13.0)
    rspec-block_is_expected (1.0.6)
    rspec-core (3.13.6)
      rspec-support (~> 3.13.0)
    rspec-expectations (3.13.5)
      diff-lcs (>= 1.2.0, < 2.0)
      rspec-support (~> 3.13.0)
    rspec-mocks (3.13.8)
      diff-lcs (>= 1.2.0, < 2.0)
      rspec-support (~> 3.13.0)
    rspec-pending_for (0.1.28)
      rspec-core (~> 3.0)
      ruby_engine (~> 2.0)
      ruby_version (~> 1.0)
    rspec-stubbed_env (1.0.16)
    rspec-support (3.13.7)
    rspec_junit_formatter (0.6.0)
      rspec-core (>= 2, < 4, != 2.12.0)
    rubocop (1.88.2)
      json (~> 2.3)
      language_server-protocol (~> 3.17.0.2)
      lint_roller (~> 1.1.0)
      parallel (>= 1.10)
      parser (>= 3.3.0.2)
      rainbow (>= 2.2.2, < 4.0)
      regexp_parser (>= 2.9.3, < 3.0)
      rubocop-ast (>= 1.49.0, < 2.0)
      ruby-progressbar (~> 1.7)
      unicode-display_width (>= 2.4.0, < 4.0)
    rubocop-ast (1.50.0)
      parser (>= 3.3.7.2)
      prism (~> 1.7)
    rubocop-capybara (2.23.0)
      lint_roller (~> 1.1)
      rubocop (~> 1.81)
    rubocop-env (0.1.0)
      rubocop
    rubocop-factory_bot (2.28.0)
      lint_roller (~> 1.1)
      rubocop (~> 1.72, >= 1.72.1)
    rubocop-gradual (0.4.0)
      benchmark
      diff-lcs (>= 1.2.0, < 2.0)
      diffy (~> 3.0)
      parallel (~> 1.10)
      rainbow (>= 2.2.2, < 4.0)
      rubocop (~> 1.0)
    rubocop-lts-rspec (1.0.6)
      rubocop (~> 1.84, >= 1.84.2)
      rubocop-env (~> 0.1, >= 0.1.0)
      rubocop-factory_bot (~> 2.28, >= 2.28.0)
      rubocop-rspec (~> 3.9, >= 3.9.0)
      rubocop-rspec-extra (~> 0.3, >= 0.3.0)
      standard (~> 1.54, >= 1.54.0)
      standard-rspec (~> 0.5, >= 0.5.0)
      version_gem (~> 1.1, >= 1.1.15)
    rubocop-md (2.0.4)
      lint_roller (~> 1.1)
      rubocop (>= 1.72.1)
    rubocop-minitest (0.40.0)
      lint_roller (~> 1.1)
      rubocop (>= 1.75.0, < 2.0)
      rubocop-ast (>= 1.38.0, < 2.0)
    rubocop-on-rbs (2.2.0)
      lint_roller (~> 1.1)
      rbs (~> 4.0)
      rubocop (>= 1.72.1, < 2.0)
    rubocop-performance (1.26.1)
      lint_roller (~> 1.1)
      rubocop (>= 1.75.0, < 2.0)
      rubocop-ast (>= 1.47.1, < 2.0)
    rubocop-rake (0.7.1)
      lint_roller (~> 1.1)
      rubocop (>= 1.72.1)
    rubocop-rspec (3.10.2)
      lint_roller (~> 1.1)
      regexp_parser (>= 2.0)
      rubocop (~> 1.86, >= 1.86.2)
    rubocop-rspec-extra (0.3.0)
      lint_roller (~> 1.1)
      rubocop (>= 1.72.1, < 2.0)
    rubocop-rspec_rails (2.32.0)
      lint_roller (~> 1.1)
      rubocop (~> 1.72, >= 1.72.1)
      rubocop-rspec (~> 3.5)
    rubocop-thread_safety (0.7.3)
      lint_roller (~> 1.1)
      rubocop (~> 1.72, >= 1.72.1)
      rubocop-ast (>= 1.44.0, < 2.0)
    ruby-progressbar (1.13.0)
    ruby_engine (2.0.3)
    ruby_version (1.0.3)
    service_actor (3.9.4)
      zeitwerk (>= 1.0)
    silent_stream (1.0.12)
      logger (~> 1.2)
      version_gem (>= 1.1.8, < 3)
    simplecov (1.3.1)
    simplecov-cobertura (4.0.0)
      rexml
      simplecov (~> 1.0)
    simplecov-console (0.9.5)
      ansi
      simplecov
      terminal-table
    simplecov-rcov (0.3.7)
      simplecov (>= 0.4.1)
    simplecov_lcov_formatter (0.9.0)
      simplecov (>= 0.18)
    sorbet-runtime (0.6.13517)
    standard (1.56.0)
      language_server-protocol (~> 3.17.0.2)
      lint_roller (~> 1.0)
      rubocop (~> 1.88.0)
      standard-custom (~> 1.0.0)
      standard-performance (~> 1.8)
    standard-custom (1.0.2)
      lint_roller (~> 1.0)
      rubocop (~> 1.50)
    standard-performance (1.9.0)
      lint_roller (~> 1.1)
      rubocop-performance (~> 1.26.0)
    standard-rspec (0.5.0)
      lint_roller (>= 1.0)
      rubocop-capybara (~> 2.23)
      rubocop-factory_bot (~> 2.27)
      rubocop-rspec (~> 3.9)
      rubocop-rspec_rails (~> 2.31)
    stone_checksums (1.0.9)
      version_gem (~> 1.1, >= 1.1.15)
    stringio (3.2.0)
    strings-ansi (0.2.0)
    strscan (3.1.8)
    terminal-table (4.0.0)
      unicode-display_width (>= 1.1.1, < 4)
    thor (1.5.0)
    timecop (0.9.11)
    timecop-rspec (1.0.3)
      delegate (~> 0.1)
      rspec (~> 3.0)
      timecop (>= 0.7, < 1)
    token-resolver (2.0.12)
      parslet (~> 2.0)
      version_gem (~> 1.1, >= 1.1.15)
    toml (0.3.0)
      parslet (>= 1.8.0, < 3.0.0)
    toml-rb (4.2.2)
      citrus (~> 3.0, > 3.0)
      racc (~> 1.7)
    tree_sitter_language_pack (1.20.0)
      rb_sys (>= 0.9.130, < 0.10)
      sorbet-runtime (~> 0.5)
    tree_sitter_language_pack (1.20.0-aarch64-linux)
      sorbet-runtime (~> 0.5)
    tree_sitter_language_pack (1.20.0-arm64-darwin)
      sorbet-runtime (~> 0.5)
    tree_sitter_language_pack (1.20.0-x86_64-darwin)
      sorbet-runtime (~> 0.5)
    tree_sitter_language_pack (1.20.0-x86_64-linux)
      sorbet-runtime (~> 0.5)
    tsort (0.2.0)
    tty-cursor (0.7.1)
    tty-progressbar (0.18.3)
      strings-ansi (~> 0.2)
      tty-cursor (~> 0.7)
      tty-screen (~> 0.8)
      unicode-display_width (>= 1.6, < 3.0)
    tty-screen (0.8.2)
    turbo_tests2 (3.2.13)
      parallel_tests (>= 3.3.0, < 6)
      rspec (>= 3.10)
      version_gem (~> 1.1, >= 1.1.15)
    unicode-display_width (2.6.0)
    version_gem (1.1.15)
    webrick (1.9.2)
    yaml-converter (0.2.6)
      hexapdf (>= 1.8, < 2)
      kramdown (>= 2.4, < 3)
      kramdown-parser-gfm (~> 1.1)
      version_gem (~> 1.1, >= 1.1.15)
    yard (0.9.45)
    yard-fence (0.9.9)
      rdoc (>= 6.11, < 8)
      version_gem (~> 1.1, >= 1.1.15)
      yard (~> 0.9, >= 0.9.37)
    yard-junk (0.1.0)
      benchmark
      ostruct
      rainbow
      yard
    yard-lint (1.12.0)
      yard (~> 0.9)
      zeitwerk (~> 2.6)
    yard-relative_markdown_links (0.6.0)
      nokogiri (>= 1.14.3, < 2)
    yard-timekeeper (0.2.7)
      version_gem (~> 1.1, >= 1.1.15)
    yard-yaml (0.2.6)
      version_gem (~> 1.1, >= 1.1.15)
      yaml-converter (~> 0.2)
    zeitwerk (2.8.3)

PLATFORMS
  aarch64-linux
  aarch64-linux-gnu
  aarch64-linux-musl
  arm64-darwin
  arm64-darwin-22
  x86_64-darwin
  x86_64-linux
  x86_64-linux-gnu
  x86_64-linux-musl

DEPENDENCIES
  addressable (>= 2.8, < 3)
  anonymous_loader (~> 0.1, >= 0.1.3)
  appraisal2 (~> 3.2, >= 3.2.5)
  appraisal2-rubocop (~> 1.0, >= 1.0.4)
  ast-crispr!
  ast-crispr-markdown-markly!
  ast-crispr-ruby-prism!
  ast-merge!
  ast-merge-git!
  ast-template!
  bash-merge!
  benchmark (~> 0.5, >= 0.5.0)
  binary-merge!
  bundler-audit (~> 0.9.3)
  cgi (~> 0.5)
  citrus-toml-merge!
  commonmarker-merge!
  debug (>= 1.1)
  dotenv-merge!
  erb (~> 6.0, >= 6.0.7)
  gem_bench (~> 2.0, >= 2.0.5)
  gitmoji-regex (~> 2.0, >= 2.0.13)
  go-merge!
  html-merge!
  irb (~> 1.17)
  json-merge!
  kettle-changelog!
  kettle-dev (~> 3.1, >= 3.1.5)!
  kettle-drift!
  kettle-family (~> 1.3, >= 1.3.3)
  kettle-jem!
  kettle-soup-cover!
  kettle-test (~> 2.0, >= 2.0.23)
  kramdown (~> 2.5, >= 2.5.2)
  kramdown-merge!
  kramdown-parser-gfm (~> 1.1)
  markdown-merge!
  markly-merge!
  mutex_m (~> 0.2)
  nomono (~> 1.1, >= 1.1.6)
  ostruct (~> 0.6)
  parslet-toml-merge!
  plain-merge!
  prism-merge!
  psych-merge!
  rake (~> 13.0)
  rbs (>= 3.0)
  rbs-merge!
  reek (~> 6.5, >= 6.5.0)
  require_bench (~> 1.0, >= 1.0.4)
  rspec-block_is_expected (~> 1.0, >= 1.0.6)
  rubocop-gradual (~> 0.4, >= 0.4.0)
  rubocop-lts!
  rubocop-lts-rspec (~> 1.0, >= 1.0.6)
  rubocop-lts-ruby!
  rubocop-minitest (~> 0.40, >= 0.40.0)
  rubocop-on-rbs (~> 2.2, >= 2.2.0)
  rubocop-packaging (~> 0.6, >= 0.6.0, >= 0)!
  rubocop-ruby1_8!
  rubocop-ruby1_9!
  rubocop-ruby2_0!
  rubocop-ruby2_1!
  rubocop-ruby2_2!
  rubocop-ruby2_3!
  rubocop-ruby2_4!
  rubocop-ruby2_5!
  rubocop-ruby2_6!
  rubocop-ruby2_7!
  rubocop-ruby3_0!
  rubocop-ruby3_1!
  rubocop-ruby3_2!
  ruby-merge!
  ruby-progressbar (~> 1.13)
  rust-merge!
  smorg-rb!
  standard (~> 1.56, >= 1.56.0)
  standard-rubocop-lts!
  stone_checksums (~> 1.0, >= 1.0.9)
  stringio (>= 3.0)
  toml-merge!
  tree_haver!
  turbo_tests2 (~> 3.2, >= 3.2.12)
  typescript-merge!
  webrick (~> 1.9)
  yaml-converter (~> 0.2, >= 0.2.6)
  yaml-merge!
  yard (~> 0.9, >= 0.9.45)
  yard-fence (~> 0.9, >= 0.9.9)
  yard-junk (~> 0.1, >= 0.1.0)
  yard-lint (~> 1.12, >= 1.12.0)
  yard-relative_markdown_links (~> 0.6)
  yard-timekeeper (~> 0.2, >= 0.2.7)
  yard-yaml (~> 0.2, >= 0.2.6)
  zip-merge!

CHECKSUMS
  addressable (2.9.0) sha256=7fdf6ac3660f7f4e867a0838be3f6cf722ace541dd97767fa42bc6cfa980c7af
  anonymous_loader (0.1.3) sha256=084a18e2439144d955447dc11dfc982f41fcd1583ad32d4d55151325dc44cb55
  ansi (1.6.0) sha256=ac9ea0c0ea8d32fb4e271348e609963ac78882f34b73836c2a02b3622e666658
  appraisal2 (3.2.5)
  appraisal2-rubocop (1.0.4)
  ast (2.4.3) sha256=954615157c1d6a382bc27d690d973195e79db7f55e9765ac7c481c60bdb4d383
  ast-crispr (7.1.10)
  ast-crispr-markdown-markly (7.1.10)
  ast-crispr-ruby-prism (7.1.10)
  ast-merge (7.1.10)
  ast-merge-git (7.1.10)
  ast-template (7.1.10)
  backports (3.25.3) sha256=94298d32dc3c40ca15633b54e282780b49e2db0c045f602ea1907e4f63a17235
  bash-merge (7.1.10)
  benchmark (0.5.0) sha256=465df122341aedcb81a2a24b4d3bd19b6c67c1530713fd533f3ff034e419236c
  bigdecimal (4.1.3) sha256=61ebe1e5e559bdc3cc6f2c0ee7f427321fc838f59611c294356eb04d6e21cf66
  binary-merge (7.1.10)
  bundler (4.1.0.beta1) sha256=8a2dac8ca276ff4eff5efc2c6457b0044080fc1e431534ad7c5cc6187232b800
  bundler-audit (0.9.3) sha256=81c8766c71e47d0d28a0f98c7eed028539f21a6ea3cd8f685eb6f42333c9b4e9
  cgi (0.5.2) sha256=61ca30298171190fd4fa0d8018e57ada456eae9b7a2b78526debf7f0a0e6f8bb
  citrus (3.0.2) sha256=4ec2412fc389ad186735f4baee1460f7900a8e130ffe3f216b30d4f9c684f650
  citrus-toml-merge (7.1.10)
  cmdparse (3.0.7) sha256=f7c5cace10bec6abf853370ae095e4b97a84ed9d847b3fb38f41cc4fbc950739
  colsole (1.0.1) sha256=7632a300ace2db877c024ffe413c684954cf37e41264b75ace9f456c9d657b02
  command_kit (0.6.0) sha256=e57f29cf5aee4f571c210041d910ff87f85749e42dfe75139c57cc93d84afa90
  command_kit-completion (0.3.0) sha256=d9c498555125bcdd0c9d869f2a64a25a2f0205102a7f28c81c7937ae633ea737
  commonmarker (2.10.0)
  commonmarker (2.10.0-aarch64-linux) sha256=eeb167dea203dee066eb0dd99b3fd2deb526c8b5e7297ad385f7a5d60f869478
  commonmarker (2.10.0-aarch64-linux-musl) sha256=e95d9e87ea6306e21ffa11855a7bb55518538143b23a227fe3bb00b41873ce25
  commonmarker (2.10.0-arm64-darwin) sha256=39ecc891d1e4308b5233cc28b40383de854a2bfbefe17d68e49174347a8aa79e
  commonmarker (2.10.0-x86_64-darwin) sha256=01e0830ed0319825ecdc16411c90acd3f661d1568dfc178731b3f64d0ce2363d
  commonmarker (2.10.0-x86_64-linux) sha256=945c510c0bfca9022245928e2248468fe3ddad58c939be0c37b20082cc392880
  commonmarker (2.10.0-x86_64-linux-musl) sha256=288cd4fb9f17eed2ffa73551ef241dcf594e0f484b2aee2a0999540333c0618e
  commonmarker-merge (7.1.10)
  completely (0.8.0) sha256=e493cd5d84805f47917a41f277ecbfe5f35363bed670be5a957d3acaed8c6c5e
  concurrent-ruby (1.3.8) sha256=b2f1be836e968ccc78ccfce277ea79c72a88633f22306782c16ff23fb415d1e1
  date (3.5.1) sha256=750d06384d7b9c15d562c76291407d89e368dda4d4fff957eb94962d325a0dc0
  debug (1.11.1) sha256=2e0b0ac6119f2207a6f8ac7d4a73ca8eb4e440f64da0a3136c30343146e952b6
  delegate (0.6.1) sha256=54cf946cacfe05b1c23114edd8fbd8d54e9cea7abf36b95130ab53cc88b8f7e4
  diff-lcs (1.6.2) sha256=9ae0d2cba7d4df3075fe8cd8602a8604993efc0dfa934cff568969efb1909962
  diffy (3.4.4) sha256=79384ab5ca82d0e115b2771f0961e27c164c456074bd2ec46b637ebf7b6e47e3
  docopt_ng (0.7.1) sha256=a024148ee4fa3ab1a8a04411aa4370f39cf2b446e63562097d418b7974a15667
  dotenv-merge (7.1.10)
  dry-configurable (1.4.0) sha256=e35d1b5f3c081753ef361f564919db79000f32cfa6f20ee3a3ba5921b41b73ce
  dry-core (1.2.0) sha256=0cc5a7da88df397f153947eeeae42e876e999c1e30900f3c536fb173854e96a1
  dry-inflector (1.3.1) sha256=7fb0c2bb04f67638f25c52e7ba39ab435d922a3a5c3cd196120f63accb682dcc
  dry-initializer (3.2.0) sha256=37d59798f912dc0a1efe14a4db4a9306989007b302dcd5f25d0a2a20c166c4e3
  dry-logic (1.6.0) sha256=da6fedbc0f90fc41f9b0cc7e6f05f5d529d1efaef6c8dcc8e0733f685745cea2
  dry-schema (1.16.0) sha256=cd3aaeabc0f1af66ec82a29096d4c4fb92a0a58b9dae29a22b1bbceb78985727
  dry-types (1.9.1) sha256=baebeecdb9f8395d6c9d227b62011279440943e3ef2468fe8ccc1ba11467f178
  emoji_regex (15.0.0) sha256=a508b2c0bee561169564e0aec96085020c900520d335e5533fd8e78e59493829
  erb (6.0.7) sha256=c5ca6dc25b0ef974a44dc8f59fe847577122483b1968a38dec305c60bf91ee92
  gem_bench (2.0.5) sha256=0dc0fb44a5a5eb7b2f5c1c68a5b0164d72007132822c012bac3abe976b199ead
  geom2d (0.4.1) sha256=ea0998ea90c4f2752e24fe13d85a4f89bee689d151316140ebcc6369bf634ed9
  gitmoji-regex (2.0.13) sha256=29a780357ad1a99683f54a9df67e114fec8ea83af00853fde0ead4bb60659627
  go-merge (7.1.10)
  hexapdf (1.11.0) sha256=72e0459dd2482ec1791f9a44a97144566a00188889cc8742dda97413ca679c62
  html-merge (7.1.10)
  io-console (0.9.4) sha256=a403304f32928ee85e56d457b4612ca43f2703b561a3258844992bd24085fbb1
  irb (1.18.0) sha256=de9454a0703a54704b9811a5ef31a60c86949fbf4013fcf244fabc7c775248e3
  json (2.21.2) sha256=1f1d3b7cf2b3ba1a69beca0bb6db13d5438b80bff3cd54cdaaa620b9b07c1c6a
  json-merge (7.1.10)
  kettle-changelog (1.0.8)
  kettle-dev (3.1.5)
  kettle-drift (1.0.15)
  kettle-family (1.3.3)
  kettle-gha-pins (0.3.16)
  kettle-jem (7.1.29)
  kettle-ndjson (0.1.18)
  kettle-rb (0.1.15)
  kettle-soup-cover (3.0.11)
  kettle-test (2.0.23)
  kettle-wash (0.1.9)
  kramdown (2.5.2) sha256=1ba542204c66b6f9111ff00dcc26075b95b220b07f2905d8261740c82f7f02fa
  kramdown-merge (7.1.10)
  kramdown-parser-gfm (1.1.0) sha256=fb39745516427d2988543bf01fc4cf0ab1149476382393e0e9c48592f6581729
  language_server-protocol (3.17.0.6) sha256=5ef2c0c138f8267e1bc631d3328347d354f96724b0af22f2c79516120443b7f0
  lint_roller (1.1.0) sha256=2c0c845b632a7d172cb849cc90c1bce937a28c5c8ccccb50dfd46a485003cc87
  logger (1.7.0) sha256=196edec7cc44b66cfb40f9755ce11b392f21f7967696af15d274dde7edff0203
  markdown-merge (7.1.10)
  markly (0.19.0) sha256=cd2c0e86eaf3660ed2a3a94104877f8bd41adda78e7c295c017d03de0d4044ca
  markly-merge (7.1.10)
  mini_portile2 (2.8.9)
  mister_bin (0.9.0) sha256=624fe401db4faf1978e84c17e0b320827697a13a6cba4fe656001269079be7d3
  mutex_m (0.3.0) sha256=cfcb04ac16b69c4813777022fdceda24e9f798e48092a2b817eb4c0a782b0751
  nokogiri (1.19.4)
  nokogiri (1.19.4-aarch64-linux-gnu) sha256=1269fb644a6de405057a53dd5c762b1209b43ca7424f839454d3dbc677c31a8f
  nokogiri (1.19.4-aarch64-linux-musl) sha256=35c65b9ce72b3bb03207bdbe7067915019dc18c1b9b59139684bd6690fdd01af
  nokogiri (1.19.4-arm64-darwin) sha256=a46db9853286e6597b36ebc6953817d15acf3a299583eb3f89fdc6f91dd63527
  nokogiri (1.19.4-x86_64-darwin) sha256=7fd17057d3e1f00e9954a74b3cd76595d3d4a5ef233b7ed9599047c204f70551
  nokogiri (1.19.4-x86_64-linux-gnu) sha256=379fae440b28915e3f19d752ce2dcf8465ed2b2fbefd2a7ca0dd497bc981a06a
  nokogiri (1.19.4-x86_64-linux-musl) sha256=17dfb7c1fa194ae02fbf7c51a7afc8d278045ab3fdacfd86f91d02d7b274470b
  nomono (1.1.6)
  openssl (4.0.2) sha256=1037ad2868ae58df9ad917891c0c0f9815a1172f6846d4bcdd508e4c2ee747c2
  ostruct (0.6.3) sha256=95a2ed4a4bd1d190784e666b47b2d3f078e4a9efda2fccf18f84ddc6538ed912
  parallel (1.28.0) sha256=33e6de1484baf2524792d178b0913fc8eb94c628d6cfe45599ad4458c638c970
  parallel_tests (5.8.0) sha256=181898cbee2ffb1c796274ce31d27f792a421324609bfc7e9b5531d929d91eda
  parser (3.3.12.0) sha256=21a6d7f755d5a24dfbdc6e6b772e4e879a52e7631a88bc5a3a134606052c9828
  parslet (2.0.0) sha256=d45130695d39b43d7e6a91f4d2ec66b388a8d822bae38de9b4de9a5fbde1f606
  parslet-toml-merge (7.1.10)
  plain-merge (7.1.10)
  pp (0.6.4) sha256=dfcb0fce700c41456265922884f9fe195d7fbb0674a3578e6c0f69588e82b570
  prettyprint (0.2.0) sha256=2bc9e15581a94742064a3cc8b0fb9d45aae3d03a1baa6ef80922627a0766f193
  prism (1.9.0) sha256=7b530c6a9f92c24300014919c9dcbc055bf4cdf51ec30aed099b06cd6674ef85
  prism-merge (7.1.10)
  psych (5.5.0) sha256=4b245bbbd0f3238df8ccee766ebc1a6b062b10e4ee1d3284eb588739ba156a0a
  psych-merge (7.1.10)
  public_suffix (7.0.5) sha256=1a8bb08f1bbea19228d3bed6e5ed908d1cb4f7c2726d18bd9cadf60bc676f623
  racc (1.8.1) sha256=4a7f6929691dbec8b5209a0b373bc2614882b55fc5d2e447a21aaa691303d62f
  rainbow (3.1.1) sha256=039491aa3a89f42efa1d6dec2fc4e62ede96eb6acd95e52f1ad581182b79bc6a
  rake (13.4.2) sha256=cb825b2bd5f1f8e91ca37bddb4b9aaf345551b4731da62949be002fa89283701
  rake-compiler-dock (1.12.0)
  rb_sys (0.9.130)
  rbs (4.2.0) sha256=51f7b886dcc05bc09e10b901daa6a81829f6adc03101d6ca9ea4aac6103e0674
  rbs-merge (7.1.10)
  rdoc (7.2.0) sha256=8650f76cd4009c3b54955eb5d7e3a075c60a57276766ebf36f9085e8c9f23192
  reek (6.5.0) sha256=d26d3a492773b2bbc228888067a21afe33ac07954a17dbd64cdeae42c4c69be1
  regexp_parser (2.13.0) sha256=d105d95d2138954e73914d2fbfb3d0a8f8605a49a3e89864c32e78b9107cb770
  reline (0.7.0) sha256=5b012d8e55dbf9d450f12bde2cf7d15ff546ae80b3f8f3b30e570d431815583d
  require_bench (1.0.4) sha256=c8ef54aac5c01f80bb5f110f7c08d304417a6c7b34f3683e1923227b6e65d004
  rexml (3.4.4) sha256=19e0a2c3425dfbf2d4fc1189747bdb2f849b6c5e74180401b15734bc97b5d142
  rspec (3.13.2) sha256=206284a08ad798e61f86d7ca3e376718d52c0bc944626b2349266f239f820587
  rspec-block_is_expected (1.0.6) sha256=bbad3dc30eba93becf4dcb3fd1bff5f37f6e212ab5cbf6132c07edba6ff74282
  rspec-core (3.13.6) sha256=a8823c6411667b60a8bca135364351dda34cd55e44ff94c4be4633b37d828b2d
  rspec-expectations (3.13.5) sha256=33a4d3a1d95060aea4c94e9f237030a8f9eae5615e9bd85718fe3a09e4b58836
  rspec-mocks (3.13.8) sha256=086ad3d3d17533f4237643de0b5c42f04b66348c28bf6b9c2d3f4a3b01af1d47
  rspec-pending_for (0.1.28) sha256=c499acef2b528398ee7441d48930d536e6bf4301d7f8e2b9ac78e204fea9eef3
  rspec-stubbed_env (1.0.16)
  rspec-support (3.13.7) sha256=0640e5570872aafefd79867901deeeeb40b0c9875a36b983d85f54fb7381c47c
  rspec_junit_formatter (0.6.0) sha256=40dde674e6ae4e6cc0ff560da25497677e34fefd2338cc467a8972f602b62b15
  rubocop (1.88.2) sha256=8def251c90cd955feb4daa3edc0ab56893250c4ce90ef81e6c80c03f9a939bbf
  rubocop-ast (1.50.0) sha256=b9ca88300da0803ee222ad20cdb30494c0a784eed06fdc35d254b06d662788db
  rubocop-capybara (2.23.0) sha256=f9ea1ba3a7561ee8e88cf76fc378ce517ce5327155f305ee7b5c2500e5aee357
  rubocop-env (0.1.0) sha256=5ab9a259e71822bf514c8e900a9b68cc2f74ccc87d5493efcd03213f3068e718
  rubocop-factory_bot (2.28.0) sha256=4b17fc02124444173317e131759d195b0d762844a71a29fe8139c1105d92f0cb
  rubocop-gradual (0.4.0) sha256=9c7e584e6fef6c2539266a193a4572c970c22f99046fd6b0305bdde6228f96ad
  rubocop-lts (18.4.4)
  rubocop-lts-rspec (1.0.6) sha256=b7f7dae919c9712dee09df76b027563e154f510d9b4423bb0453394b5474cf38
  rubocop-lts-ruby (0.1.5)
  rubocop-md (2.0.4) sha256=0d076b6b5e99dea2ddc928c4bd702497decb9a8400da7808091e02ebcafcfb93
  rubocop-minitest (0.40.0) sha256=353c698199115f12151144cf0b5a96f69bb9d77b660cf6536df2c4250c672a9d
  rubocop-on-rbs (2.2.0)
  rubocop-packaging (0.6.0)
  rubocop-performance (1.26.1) sha256=cd19b936ff196df85829d264b522fd4f98b6c89ad271fa52744a8c11b8f71834
  rubocop-rake (0.7.1) sha256=3797f2b6810c3e9df7376c26d5f44f3475eda59eb1adc38e6f62ecf027cbae4d
  rubocop-rspec (3.10.2) sha256=0b3e2ecc592cd10ecbf0095bb58d1e357905276e069643523cc19eb7495f65e2
  rubocop-rspec-extra (0.3.0) sha256=ee4b6484d0332a0d23c4a465eeb607e41888eb3d4ed479f850b9f5212514f787
  rubocop-rspec_rails (2.32.0) sha256=4a0d641c72f6ebb957534f539d9d0a62c47abd8ce0d0aeee1ef4701e892a9100
  rubocop-ruby1_8 (2.0.8)
  rubocop-ruby1_9 (3.0.8)
  rubocop-ruby2_0 (3.0.8)
  rubocop-ruby2_1 (3.0.8)
  rubocop-ruby2_2 (3.0.8)
  rubocop-ruby2_3 (3.0.8)
  rubocop-ruby2_4 (3.0.8)
  rubocop-ruby2_5 (3.0.8)
  rubocop-ruby2_6 (3.0.8)
  rubocop-ruby2_7 (3.0.8)
  rubocop-ruby3_0 (3.0.8)
  rubocop-ruby3_1 (3.0.8)
  rubocop-ruby3_2 (3.0.9)
  rubocop-thread_safety (0.7.3) sha256=067cdd52fbf5deffc18995437e45b5194236eaff4f71de3375a1f6052e48f431
  ruby-merge (7.1.10)
  ruby-progressbar (1.13.0) sha256=80fc9c47a9b640d6834e0dc7b3c94c9df37f08cb072b7761e4a71e22cff29b33
  ruby_engine (2.0.3) sha256=ca2ae7def8cfcdc2bfb6a186d36d5d59c8b403245dc0256c3802b767fa278aaa
  ruby_version (1.0.3) sha256=5930f9950746b7e6c973184398ee364ee7440b170fef7922b9f5cdf317f1ccb5
  rust-merge (7.1.10)
  service_actor (3.9.4) sha256=e63b523630b9a7e62959b2a90113b08d2565b5de9c148557b281ef847c9539ce
  silent_stream (1.0.12) sha256=377c43aa10033fe90c33b39ea8cd97d79f2d1c4856df598efc56f3091f3ae782
  simplecov (1.3.1) sha256=b326d38e819053499aa2ebe35d544d8bd780eba143a50f48a624b450ad87feec
  simplecov-cobertura (4.0.0) sha256=e4fb3159b1ecea545b44f5452a8611305323e78ad23eae8aed35924d072e01ea
  simplecov-console (0.9.5) sha256=b1108bcfff5f210143e2b8301698c367b01586f20d25a73e95475a5df6fc6ff6
  simplecov-rcov (0.3.7) sha256=372f50bf6df6b6350b7d0c840f2f8bdabe021861a43c26877b747c9ac96139fc
  simplecov_lcov_formatter (0.9.0) sha256=4c1839bb31dcf7a8f7a6474c94ed228aa03b994e9dd5e1965e58b4121b049bed
  smorg-rb (7.1.10)
  sorbet-runtime (0.6.13517)
  standard (1.56.0) sha256=ae2af4d9669589162ac69ed5ef59dcf9f346d4afc81f7e62b84339310dfcb787
  standard-custom (1.0.2) sha256=424adc84179a074f1a2a309bb9cf7cd6bfdb2b6541f20c6bf9436c0ba22a652b
  standard-performance (1.9.0) sha256=49483d31be448292951d80e5e67cdcb576c2502103c7b40aec6f1b6e9c88e3f2
  standard-rspec (0.5.0) sha256=64d396524a65af47f5331b423d8cdd313e0267401647bb7892489ca89dad2973
  standard-rubocop-lts (2.0.14)
  stone_checksums (1.0.9) sha256=fe9c897cacb2ead243c38a97d5a27ed9a4d6b7c55b9975a0b59fe7f6ed621802
  stringio (3.2.0) sha256=c37cb2e58b4ffbd33fe5cd948c05934af997b36e0b6ca6fdf43afa234cf222e1
  strings-ansi (0.2.0) sha256=90262d760ea4a94cc2ae8d58205277a343409c288cbe7c29416b1826bd511c88
  strscan (3.1.8) sha256=aae2db611a225559f21ffbb71765c9a4e60fd262534a9ea84f4f11c7f32f679e
  terminal-table (4.0.0) sha256=f504793203f8251b2ea7c7068333053f0beeea26093ec9962e62ea79f94301d2
  thor (1.5.0) sha256=e3a9e55fe857e44859ce104a84675ab6e8cd59c650a49106a05f55f136425e73
  timecop (0.9.11) sha256=41284dc6e5041f2184f781ace766f942108c842f8d8c1386a26e6343decc7542
  timecop-rspec (1.0.3) sha256=005f14841bb606dcaefb060e321b5388e2e59537742bee8b3a9a9a40e598fab9
  token-resolver (2.0.12)
  toml (0.3.0)
  toml-merge (7.1.10)
  toml-rb (4.2.2)
  tree_haver (7.1.10)
  tree_sitter_language_pack (1.20.0)
  tree_sitter_language_pack (1.20.0-aarch64-linux) sha256=8b43f4c3d18705d4211a5dc0d9281f5e68616c8dd6b323df411b9ee026894f6f
  tree_sitter_language_pack (1.20.0-arm64-darwin) sha256=b5e6899bedaa750f030a12bfd5db96fe9ed6a0617eee37119c0ffafd49d5baae
  tree_sitter_language_pack (1.20.0-x86_64-darwin) sha256=8c33f147b46b768a8c333fe8ee3924279feed0c39819232cd92a73f8d34826d6
  tree_sitter_language_pack (1.20.0-x86_64-linux) sha256=ce5e910a1443afbc770eb6cd18d33b08327fed1ef721f6c9a15e0dfccf7327a4
  tsort (0.2.0) sha256=9650a793f6859a43b6641671278f79cfead60ac714148aabe4e3f0060480089f
  tty-cursor (0.7.1) sha256=79534185e6a777888d88628b14b6a1fdf5154a603f285f80b1753e1908e0bf48
  tty-progressbar (0.18.3) sha256=6cbb4260e55e74a9180d502143eb6a467d2c8e51bf5f3c9509fb5cacc3d4a5f6
  tty-screen (0.8.2) sha256=c090652115beae764336c28802d633f204fb84da93c6a968aa5d8e319e819b50
  turbo_tests2 (3.2.13)
  typescript-merge (7.1.10)
  unicode-display_width (2.6.0) sha256=12279874bba6d5e4d2728cef814b19197dbb10d7a7837a869bab65da943b7f5a
  version_gem (1.1.15) sha256=a73241587b29252e3567e0c818ded80730eb754d43b508f6ce4db22ca9ba27d0
  webrick (1.9.2) sha256=beb4a15fc474defed24a3bda4ffd88a490d517c9e4e6118c3edce59e45864131
  yaml-converter (0.2.6) sha256=f270e8bcf19a20830056c77acf3bf942545e445455f20825af6a6884384611e9
  yaml-merge (7.1.10)
  yard (0.9.45) sha256=52e211493f7cb8a3ebf7e104a25a1e73937a3103092545d34cb88fafebb3dc51
  yard-fence (0.9.9) sha256=62c4d419e0da092a67b4d0f7115e54df44662bae6e705f3bcafb8f1cc33195b2
  yard-junk (0.1.0) sha256=e85fe2ec1afa47313decd333447b53458cb1ed49b510b70015fdc3041a94bcdd
  yard-lint (1.12.0) sha256=e9899cfb09e9cdc33bf300933981f87abea9bebd9a83d679209a5d4ce3b0a937
  yard-relative_markdown_links (0.6.0) sha256=3e5ffa85cbad9bac70bee5421774b190fb25d3bdf489323a5b3534f647d1a70e
  yard-timekeeper (0.2.7) sha256=a97a8cf15cd97ad0121189b05084233fd859894446457269522cd7b551e9383e
  yard-yaml (0.2.6) sha256=4d4ecb669655403766c1167e4bdaab0a3921a66f263f1fb0ace9d6ea4699cb1c
  zeitwerk (2.8.3) sha256=2c85125a8467ce069e20123d1e709a08955c9d29c118c25b46b7b7fafdbb92e5
  zip-merge (7.1.10)

BUNDLED WITH
  4.1.0.beta1
